PODS:
  - LiveDigitalSDK (3.0.1):
    - Mediasoup-Client-Swift (= 0.11.0)
  - Mediasoup-Client-Swift (0.11.0)

DEPENDENCIES:
  - LiveDigitalSDK (from `https://github.com/VLprojects/livedigital-ios-sdk-binary`, tag `3.0.1`)

SPEC REPOS:
  https://github.com/CocoaPods/Specs.git:
    - Mediasoup-Client-Swift

EXTERNAL SOURCES:
  LiveDigitalSDK:
    :git: https://github.com/VLprojects/livedigital-ios-sdk-binary
    :tag: 3.0.1

CHECKOUT OPTIONS:
  LiveDigitalSDK:
    :git: https://github.com/VLprojects/livedigital-ios-sdk-binary
    :tag: 3.0.1

SPEC CHECKSUMS:
  LiveDigitalSDK: 459ccc2e2e1cc96c696dbc387ba064c32c67e4ae
  Mediasoup-Client-Swift: ab53722b950850c153b1931f77d3682fe8ad26eb

PODFILE CHECKSUM: 5f1d75d7ff16214370ceabdc3565ba6eacbcece9

COCOAPODS: 1.16.2
