PODS:
  - LiveDigitalSDK (3.4.0):
    - Mediasoup-Client-Swift (= 0.13.0)
  - Mediasoup-Client-Swift (0.13.0)

DEPENDENCIES:
  - LiveDigitalSDK (from `https://github.com/VLprojects/livedigital-ios-sdk-binary`, tag `3.4.0`)

SPEC REPOS:
  https://github.com/CocoaPods/Specs.git:
    - Mediasoup-Client-Swift

EXTERNAL SOURCES:
  LiveDigitalSDK:
    :git: https://github.com/VLprojects/livedigital-ios-sdk-binary
    :tag: 3.4.0

CHECKOUT OPTIONS:
  LiveDigitalSDK:
    :git: https://github.com/VLprojects/livedigital-ios-sdk-binary
    :tag: 3.4.0

SPEC CHECKSUMS:
  LiveDigitalSDK: 3e61aee95d411c90dd128e1ae92b85dede4e8146
  Mediasoup-Client-Swift: 91ea14f7392083769708bdf231a72f219ed77928

PODFILE CHECKSUM: f2af9f37d15a51ec5979f51f7ca04280344bdaee

COCOAPODS: 1.16.2
