{
  "pins" : [
    {
      "identity" : "mediasoup-client-swift",
      "kind" : "remoteSourceControl",
      "location" : "https://github.com/VLprojects/mediasoup-client-swift.git",
      "state" : {
        "revision" : "bdf0a5c55ba12a22847df575501c9873425dd628",
        "version" : "0.9.0"
      }
    }
  ],
  "version" : 2
}
