{
  "pins" : [
    {
      "identity" : "mediasoup-client-swift",
      "kind" : "remoteSourceControl",
      "location" : "https://github.com/VLprojects/mediasoup-client-swift.git",
      "state" : {
        "revision" : "ecbda047001577c2d2abd0e6e7b718e2b4d175fc",
        "version" : "0.13.0"
      }
    }
  ],
  "version" : 2
}
