// !$*UTF8*$!
{
	archiveVersion = 1;
	classes = {
	};
	objectVersion = 54;
	objects = {

/* Begin PBXBuildFile section */
		607FACD61AFB9204008FA782 /* AppDelegate.swift in Sources */ = {isa = PBXBuildFile; fileRef = 607FACD51AFB9204008FA782 /* AppDelegate.swift */; };
		607FACDB1AFB9204008FA782 /* Main.storyboard in Resources */ = {isa = PBXBuildFile; fileRef = 607FACD91AFB9204008FA782 /* Main.storyboard */; };
		607FACDD1AFB9204008FA782 /* Images.xcassets in Resources */ = {isa = PBXBuildFile; fileRef = 607FACDC1AFB9204008FA782 /* Images.xcassets */; };
		607FACE01AFB9204008FA782 /* LaunchScreen.xib in Resources */ = {isa = PBXBuildFile; fileRef = 607FACDE1AFB9204008FA782 /* LaunchScreen.xib */; };
		E4CD703675EF048165295137 /* Pods_LiveDigitalSDKExample.framework in Frameworks */ = {isa = PBXBuildFile; fileRef = 1D970F2F152FCB07F1758161 /* Pods_LiveDigitalSDKExample.framework */; };
		FF4A03A72DB8B2A6005AE6D0 /* StartVC.swift in Sources */ = {isa = PBXBuildFile; fileRef = FF4A03A62DB8B2A6005AE6D0 /* StartVC.swift */; };
		FF4A03A82DB8B2A6005AE6D0 /* SessionVC.swift in Sources */ = {isa = PBXBuildFile; fileRef = FF4A03A52DB8B2A6005AE6D0 /* SessionVC.swift */; };
		FFE7933726A95E5500FF5148 /* PeerView.swift in Sources */ = {isa = PBXBuildFile; fileRef = FFE7933626A95E5500FF5148 /* PeerView.swift */; };
		FFE7933926A95FB400FF5148 /* PeerView.xib in Resources */ = {isa = PBXBuildFile; fileRef = FFE7933826A95FB400FF5148 /* PeerView.xib */; };
		FFFA321B2D30DD640043C2E7 /* StockMoodhoodAPIClient.swift in Sources */ = {isa = PBXBuildFile; fileRef = FFFA321A2D30DD620043C2E7 /* StockMoodhoodAPIClient.swift */; };
		FFFA321E2D30E0010043C2E7 /* MoodhoodAPIClient.swift in Sources */ = {isa = PBXBuildFile; fileRef = FFFA321D2D30DFFF0043C2E7 /* MoodhoodAPIClient.swift */; };
		FFFA32202D30E0210043C2E7 /* MoodhoodAPIEnvironment.swift in Sources */ = {isa = PBXBuildFile; fileRef = FFFA321F2D30E0200043C2E7 /* MoodhoodAPIEnvironment.swift */; };
		FFFA32242D30EA170043C2E7 /* MoodhoodAPIClientError.swift in Sources */ = {isa = PBXBuildFile; fileRef = FFFA32232D30EA150043C2E7 /* MoodhoodAPIClientError.swift */; };
		FFFA32272D30EB020043C2E7 /* MoodhoodUserToken.swift in Sources */ = {isa = PBXBuildFile; fileRef = FFFA32262D30EB010043C2E7 /* MoodhoodUserToken.swift */; };
		FFFA32292D311A560043C2E7 /* MoodhoodParticipant.swift in Sources */ = {isa = PBXBuildFile; fileRef = FFFA32282D311A510043C2E7 /* MoodhoodParticipant.swift */; };
		FFFA322B2D3120170043C2E7 /* SignalingToken.swift in Sources */ = {isa = PBXBuildFile; fileRef = FFFA322A2D3120160043C2E7 /* SignalingToken.swift */; };
		FFFA322D2D3128240043C2E7 /* Room.swift in Sources */ = {isa = PBXBuildFile; fileRef = FFFA322C2D3128220043C2E7 /* Room.swift */; };
		FFFA322F2D3131ED0043C2E7 /* EmptyResult.swift in Sources */ = {isa = PBXBuildFile; fileRef = FFFA322E2D3131EC0043C2E7 /* EmptyResult.swift */; };
/* End PBXBuildFile section */

/* Begin PBXFileReference section */
		0A495EE11C6F9A63FC91E73F /* Pods-LiveDigitalSDKExample_Tests.debug.xcconfig */ = {isa = PBXFileReference; includeInIndex = 1; lastKnownFileType = text.xcconfig; name = "Pods-LiveDigitalSDKExample_Tests.debug.xcconfig"; path = "Target Support Files/Pods-LiveDigitalSDKExample_Tests/Pods-LiveDigitalSDKExample_Tests.debug.xcconfig"; sourceTree = "<group>"; };
		0DF190EA7B43B1E668736D27 /* Pods-LiveDigitalSDKExample_Tests.release.xcconfig */ = {isa = PBXFileReference; includeInIndex = 1; lastKnownFileType = text.xcconfig; name = "Pods-LiveDigitalSDKExample_Tests.release.xcconfig"; path = "Target Support Files/Pods-LiveDigitalSDKExample_Tests/Pods-LiveDigitalSDKExample_Tests.release.xcconfig"; sourceTree = "<group>"; };
		1D970F2F152FCB07F1758161 /* Pods_LiveDigitalSDKExample.framework */ = {isa = PBXFileReference; explicitFileType = wrapper.framework; includeInIndex = 0; path = Pods_LiveDigitalSDKExample.framework; sourceTree = BUILT_PRODUCTS_DIR; };
		2574E4B00DCF2048FD577652 /* Pods-LiveDigitalSDKExample.debug.xcconfig */ = {isa = PBXFileReference; includeInIndex = 1; lastKnownFileType = text.xcconfig; name = "Pods-LiveDigitalSDKExample.debug.xcconfig"; path = "Target Support Files/Pods-LiveDigitalSDKExample/Pods-LiveDigitalSDKExample.debug.xcconfig"; sourceTree = "<group>"; };
		27E513552BC84B561A588B2D /* Pods-LiveDigitalSDKExample.release.xcconfig */ = {isa = PBXFileReference; includeInIndex = 1; lastKnownFileType = text.xcconfig; name = "Pods-LiveDigitalSDKExample.release.xcconfig"; path = "Target Support Files/Pods-LiveDigitalSDKExample/Pods-LiveDigitalSDKExample.release.xcconfig"; sourceTree = "<group>"; };
		2C502E7DD78D26F95CCDE30D /* LiveDigitalSDK.podspec */ = {isa = PBXFileReference; includeInIndex = 1; lastKnownFileType = text; name = LiveDigitalSDK.podspec; path = ../LiveDigitalSDK.podspec; sourceTree = "<group>"; xcLanguageSpecificationIdentifier = xcode.lang.ruby; };
		607FACD01AFB9204008FA782 /* LiveDigitalSDKExample.app */ = {isa = PBXFileReference; explicitFileType = wrapper.application; includeInIndex = 0; path = LiveDigitalSDKExample.app; sourceTree = BUILT_PRODUCTS_DIR; };
		607FACD41AFB9204008FA782 /* Info.plist */ = {isa = PBXFileReference; lastKnownFileType = text.plist.xml; path = Info.plist; sourceTree = "<group>"; };
		607FACD51AFB9204008FA782 /* AppDelegate.swift */ = {isa = PBXFileReference; lastKnownFileType = sourcecode.swift; path = AppDelegate.swift; sourceTree = "<group>"; };
		607FACDA1AFB9204008FA782 /* Base */ = {isa = PBXFileReference; lastKnownFileType = file.storyboard; name = Base; path = Base.lproj/Main.storyboard; sourceTree = "<group>"; };
		607FACDC1AFB9204008FA782 /* Images.xcassets */ = {isa = PBXFileReference; lastKnownFileType = folder.assetcatalog; path = Images.xcassets; sourceTree = "<group>"; };
		607FACDF1AFB9204008FA782 /* Base */ = {isa = PBXFileReference; lastKnownFileType = file.xib; name = Base; path = Base.lproj/LaunchScreen.xib; sourceTree = "<group>"; };
		78EA401149B94AA7EBFB46CF /* Pods_LiveDigitalSDKExample_Tests.framework */ = {isa = PBXFileReference; explicitFileType = wrapper.framework; includeInIndex = 0; path = Pods_LiveDigitalSDKExample_Tests.framework; sourceTree = BUILT_PRODUCTS_DIR; };
		7A00D70263FC4BD91D4F586D /* LICENSE */ = {isa = PBXFileReference; includeInIndex = 1; lastKnownFileType = text; name = LICENSE; path = ../LICENSE; sourceTree = "<group>"; };
		FF4A03A52DB8B2A6005AE6D0 /* SessionVC.swift */ = {isa = PBXFileReference; lastKnownFileType = sourcecode.swift; path = SessionVC.swift; sourceTree = "<group>"; };
		FF4A03A62DB8B2A6005AE6D0 /* StartVC.swift */ = {isa = PBXFileReference; lastKnownFileType = sourcecode.swift; path = StartVC.swift; sourceTree = "<group>"; };
		FFE7933626A95E5500FF5148 /* PeerView.swift */ = {isa = PBXFileReference; lastKnownFileType = sourcecode.swift; path = PeerView.swift; sourceTree = "<group>"; };
		FFE7933826A95FB400FF5148 /* PeerView.xib */ = {isa = PBXFileReference; lastKnownFileType = file.xib; path = PeerView.xib; sourceTree = "<group>"; };
		FFFA321A2D30DD620043C2E7 /* StockMoodhoodAPIClient.swift */ = {isa = PBXFileReference; lastKnownFileType = sourcecode.swift; path = StockMoodhoodAPIClient.swift; sourceTree = "<group>"; };
		FFFA321D2D30DFFF0043C2E7 /* MoodhoodAPIClient.swift */ = {isa = PBXFileReference; lastKnownFileType = sourcecode.swift; path = MoodhoodAPIClient.swift; sourceTree = "<group>"; };
		FFFA321F2D30E0200043C2E7 /* MoodhoodAPIEnvironment.swift */ = {isa = PBXFileReference; lastKnownFileType = sourcecode.swift; path = MoodhoodAPIEnvironment.swift; sourceTree = "<group>"; };
		FFFA32232D30EA150043C2E7 /* MoodhoodAPIClientError.swift */ = {isa = PBXFileReference; lastKnownFileType = sourcecode.swift; path = MoodhoodAPIClientError.swift; sourceTree = "<group>"; };
		FFFA32262D30EB010043C2E7 /* MoodhoodUserToken.swift */ = {isa = PBXFileReference; lastKnownFileType = sourcecode.swift; path = MoodhoodUserToken.swift; sourceTree = "<group>"; };
		FFFA32282D311A510043C2E7 /* MoodhoodParticipant.swift */ = {isa = PBXFileReference; lastKnownFileType = sourcecode.swift; path = MoodhoodParticipant.swift; sourceTree = "<group>"; };
		FFFA322A2D3120160043C2E7 /* SignalingToken.swift */ = {isa = PBXFileReference; lastKnownFileType = sourcecode.swift; path = SignalingToken.swift; sourceTree = "<group>"; };
		FFFA322C2D3128220043C2E7 /* Room.swift */ = {isa = PBXFileReference; lastKnownFileType = sourcecode.swift; path = Room.swift; sourceTree = "<group>"; };
		FFFA322E2D3131EC0043C2E7 /* EmptyResult.swift */ = {isa = PBXFileReference; lastKnownFileType = sourcecode.swift; path = EmptyResult.swift; sourceTree = "<group>"; };
/* End PBXFileReference section */

/* Begin PBXFrameworksBuildPhase section */
		607FACCD1AFB9204008FA782 /* Frameworks */ = {
			isa = PBXFrameworksBuildPhase;
			buildActionMask = 2147483647;
			files = (
				E4CD703675EF048165295137 /* Pods_LiveDigitalSDKExample.framework in Frameworks */,
			);
			runOnlyForDeploymentPostprocessing = 0;
		};
/* End PBXFrameworksBuildPhase section */

/* Begin PBXGroup section */
		607FACC71AFB9204008FA782 = {
			isa = PBXGroup;
			children = (
				607FACF51AFB993E008FA782 /* Podspec Metadata */,
				607FACD21AFB9204008FA782 /* Example for LiveDigitalSDK */,
				607FACD11AFB9204008FA782 /* Products */,
				D68739411DCDB29D8927A5D9 /* Pods */,
				88AB4F41780FBA2EEE023D27 /* Frameworks */,
			);
			sourceTree = "<group>";
		};
		607FACD11AFB9204008FA782 /* Products */ = {
			isa = PBXGroup;
			children = (
				607FACD01AFB9204008FA782 /* LiveDigitalSDKExample.app */,
			);
			name = Products;
			sourceTree = "<group>";
		};
		607FACD21AFB9204008FA782 /* Example for LiveDigitalSDK */ = {
			isa = PBXGroup;
			children = (
				FFFA321C2D30DFF50043C2E7 /* MoodhoodAPI */,
				607FACD51AFB9204008FA782 /* AppDelegate.swift */,
				FF4A03A52DB8B2A6005AE6D0 /* SessionVC.swift */,
				FF4A03A62DB8B2A6005AE6D0 /* StartVC.swift */,
				607FACD91AFB9204008FA782 /* Main.storyboard */,
				607FACDC1AFB9204008FA782 /* Images.xcassets */,
				607FACDE1AFB9204008FA782 /* LaunchScreen.xib */,
				607FACD31AFB9204008FA782 /* Supporting Files */,
				FFE7933626A95E5500FF5148 /* PeerView.swift */,
				FFE7933826A95FB400FF5148 /* PeerView.xib */,
			);
			name = "Example for LiveDigitalSDK";
			path = LiveDigitalSDK;
			sourceTree = "<group>";
		};
		607FACD31AFB9204008FA782 /* Supporting Files */ = {
			isa = PBXGroup;
			children = (
				607FACD41AFB9204008FA782 /* Info.plist */,
			);
			name = "Supporting Files";
			sourceTree = "<group>";
		};
		607FACF51AFB993E008FA782 /* Podspec Metadata */ = {
			isa = PBXGroup;
			children = (
				2C502E7DD78D26F95CCDE30D /* LiveDigitalSDK.podspec */,
				7A00D70263FC4BD91D4F586D /* LICENSE */,
			);
			name = "Podspec Metadata";
			sourceTree = "<group>";
		};
		88AB4F41780FBA2EEE023D27 /* Frameworks */ = {
			isa = PBXGroup;
			children = (
				1D970F2F152FCB07F1758161 /* Pods_LiveDigitalSDKExample.framework */,
				78EA401149B94AA7EBFB46CF /* Pods_LiveDigitalSDKExample_Tests.framework */,
			);
			name = Frameworks;
			sourceTree = "<group>";
		};
		D68739411DCDB29D8927A5D9 /* Pods */ = {
			isa = PBXGroup;
			children = (
				2574E4B00DCF2048FD577652 /* Pods-LiveDigitalSDKExample.debug.xcconfig */,
				27E513552BC84B561A588B2D /* Pods-LiveDigitalSDKExample.release.xcconfig */,
				0A495EE11C6F9A63FC91E73F /* Pods-LiveDigitalSDKExample_Tests.debug.xcconfig */,
				0DF190EA7B43B1E668736D27 /* Pods-LiveDigitalSDKExample_Tests.release.xcconfig */,
			);
			path = Pods;
			sourceTree = "<group>";
		};
		FFFA321C2D30DFF50043C2E7 /* MoodhoodAPI */ = {
			isa = PBXGroup;
			children = (
				FFFA32252D30EAF70043C2E7 /* Models */,
				FFFA32232D30EA150043C2E7 /* MoodhoodAPIClientError.swift */,
				FFFA321F2D30E0200043C2E7 /* MoodhoodAPIEnvironment.swift */,
				FFFA321D2D30DFFF0043C2E7 /* MoodhoodAPIClient.swift */,
				FFFA321A2D30DD620043C2E7 /* StockMoodhoodAPIClient.swift */,
			);
			path = MoodhoodAPI;
			sourceTree = "<group>";
		};
		FFFA32252D30EAF70043C2E7 /* Models */ = {
			isa = PBXGroup;
			children = (
				FFFA322E2D3131EC0043C2E7 /* EmptyResult.swift */,
				FFFA322C2D3128220043C2E7 /* Room.swift */,
				FFFA322A2D3120160043C2E7 /* SignalingToken.swift */,
				FFFA32282D311A510043C2E7 /* MoodhoodParticipant.swift */,
				FFFA32262D30EB010043C2E7 /* MoodhoodUserToken.swift */,
			);
			path = Models;
			sourceTree = "<group>";
		};
/* End PBXGroup section */

/* Begin PBXNativeTarget section */
		607FACCF1AFB9204008FA782 /* LiveDigitalSDKExample */ = {
			isa = PBXNativeTarget;
			buildConfigurationList = 607FACEF1AFB9204008FA782 /* Build configuration list for PBXNativeTarget "LiveDigitalSDKExample" */;
			buildPhases = (
				C6089431EA914F9C90D65E45 /* [CP] Check Pods Manifest.lock */,
				607FACCC1AFB9204008FA782 /* Sources */,
				607FACCD1AFB9204008FA782 /* Frameworks */,
				607FACCE1AFB9204008FA782 /* Resources */,
				34B8FF6A2CC70F83F9C1D9D8 /* [CP] Embed Pods Frameworks */,
			);
			buildRules = (
			);
			dependencies = (
			);
			name = LiveDigitalSDKExample;
			productName = LiveDigitalSDK;
			productReference = 607FACD01AFB9204008FA782 /* LiveDigitalSDKExample.app */;
			productType = "com.apple.product-type.application";
		};
/* End PBXNativeTarget section */

/* Begin PBXProject section */
		607FACC81AFB9204008FA782 /* Project object */ = {
			isa = PBXProject;
			attributes = {
				LastSwiftUpdateCheck = 0830;
				LastUpgradeCheck = 0830;
				ORGANIZATIONNAME = VLProjects;
				TargetAttributes = {
					607FACCF1AFB9204008FA782 = {
						CreatedOnToolsVersion = 6.3.1;
						LastSwiftMigration = 0900;
					};
				};
			};
			buildConfigurationList = 607FACCB1AFB9204008FA782 /* Build configuration list for PBXProject "CP_Example" */;
			compatibilityVersion = "Xcode 12.0";
			developmentRegion = English;
			hasScannedForEncodings = 0;
			knownRegions = (
				English,
				en,
				Base,
			);
			mainGroup = 607FACC71AFB9204008FA782;
			productRefGroup = 607FACD11AFB9204008FA782 /* Products */;
			projectDirPath = "";
			projectRoot = "";
			targets = (
				607FACCF1AFB9204008FA782 /* LiveDigitalSDKExample */,
			);
		};
/* End PBXProject section */

/* Begin PBXResourcesBuildPhase section */
		607FACCE1AFB9204008FA782 /* Resources */ = {
			isa = PBXResourcesBuildPhase;
			buildActionMask = 2147483647;
			files = (
				FFE7933926A95FB400FF5148 /* PeerView.xib in Resources */,
				607FACDB1AFB9204008FA782 /* Main.storyboard in Resources */,
				607FACE01AFB9204008FA782 /* LaunchScreen.xib in Resources */,
				607FACDD1AFB9204008FA782 /* Images.xcassets in Resources */,
			);
			runOnlyForDeploymentPostprocessing = 0;
		};
/* End PBXResourcesBuildPhase section */

/* Begin PBXShellScriptBuildPhase section */
		34B8FF6A2CC70F83F9C1D9D8 /* [CP] Embed Pods Frameworks */ = {
			isa = PBXShellScriptBuildPhase;
			buildActionMask = 2147483647;
			files = (
			);
			inputFileListPaths = (
				"${PODS_ROOT}/Target Support Files/Pods-LiveDigitalSDKExample/Pods-LiveDigitalSDKExample-frameworks-${CONFIGURATION}-input-files.xcfilelist",
			);
			name = "[CP] Embed Pods Frameworks";
			outputFileListPaths = (
				"${PODS_ROOT}/Target Support Files/Pods-LiveDigitalSDKExample/Pods-LiveDigitalSDKExample-frameworks-${CONFIGURATION}-output-files.xcfilelist",
			);
			runOnlyForDeploymentPostprocessing = 0;
			shellPath = /bin/sh;
			shellScript = "\"${PODS_ROOT}/Target Support Files/Pods-LiveDigitalSDKExample/Pods-LiveDigitalSDKExample-frameworks.sh\"\n";
			showEnvVarsInLog = 0;
		};
		C6089431EA914F9C90D65E45 /* [CP] Check Pods Manifest.lock */ = {
			isa = PBXShellScriptBuildPhase;
			buildActionMask = 2147483647;
			files = (
			);
			inputFileListPaths = (
			);
			inputPaths = (
				"${PODS_PODFILE_DIR_PATH}/Podfile.lock",
				"${PODS_ROOT}/Manifest.lock",
			);
			name = "[CP] Check Pods Manifest.lock";
			outputFileListPaths = (
			);
			outputPaths = (
				"$(DERIVED_FILE_DIR)/Pods-LiveDigitalSDKExample-checkManifestLockResult.txt",
			);
			runOnlyForDeploymentPostprocessing = 0;
			shellPath = /bin/sh;
			shellScript = "diff \"${PODS_PODFILE_DIR_PATH}/Podfile.lock\" \"${PODS_ROOT}/Manifest.lock\" > /dev/null\nif [ $? != 0 ] ; then\n    # print error to STDERR\n    echo \"error: The sandbox is not in sync with the Podfile.lock. Run 'pod install' or update your CocoaPods installation.\" >&2\n    exit 1\nfi\n# This output is used by Xcode 'outputs' to avoid re-running this script phase.\necho \"SUCCESS\" > \"${SCRIPT_OUTPUT_FILE_0}\"\n";
			showEnvVarsInLog = 0;
		};
/* End PBXShellScriptBuildPhase section */

/* Begin PBXSourcesBuildPhase section */
		607FACCC1AFB9204008FA782 /* Sources */ = {
			isa = PBXSourcesBuildPhase;
			buildActionMask = 2147483647;
			files = (
				FFFA32292D311A560043C2E7 /* MoodhoodParticipant.swift in Sources */,
				FFE7933726A95E5500FF5148 /* PeerView.swift in Sources */,
				FFFA322F2D3131ED0043C2E7 /* EmptyResult.swift in Sources */,
				FFFA321E2D30E0010043C2E7 /* MoodhoodAPIClient.swift in Sources */,
				FFFA32242D30EA170043C2E7 /* MoodhoodAPIClientError.swift in Sources */,
				FFFA321B2D30DD640043C2E7 /* StockMoodhoodAPIClient.swift in Sources */,
				FF4A03A72DB8B2A6005AE6D0 /* StartVC.swift in Sources */,
				FF4A03A82DB8B2A6005AE6D0 /* SessionVC.swift in Sources */,
				607FACD61AFB9204008FA782 /* AppDelegate.swift in Sources */,
				FFFA32272D30EB020043C2E7 /* MoodhoodUserToken.swift in Sources */,
				FFFA322B2D3120170043C2E7 /* SignalingToken.swift in Sources */,
				FFFA32202D30E0210043C2E7 /* MoodhoodAPIEnvironment.swift in Sources */,
				FFFA322D2D3128240043C2E7 /* Room.swift in Sources */,
			);
			runOnlyForDeploymentPostprocessing = 0;
		};
/* End PBXSourcesBuildPhase section */

/* Begin PBXVariantGroup section */
		607FACD91AFB9204008FA782 /* Main.storyboard */ = {
			isa = PBXVariantGroup;
			children = (
				607FACDA1AFB9204008FA782 /* Base */,
			);
			name = Main.storyboard;
			sourceTree = "<group>";
		};
		607FACDE1AFB9204008FA782 /* LaunchScreen.xib */ = {
			isa = PBXVariantGroup;
			children = (
				607FACDF1AFB9204008FA782 /* Base */,
			);
			name = LaunchScreen.xib;
			sourceTree = "<group>";
		};
/* End PBXVariantGroup section */

/* Begin XCBuildConfiguration section */
		607FACED1AFB9204008FA782 /* Debug */ = {
			isa = XCBuildConfiguration;
			buildSettings = {
				ALWAYS_SEARCH_USER_PATHS = NO;
				CLANG_CXX_LANGUAGE_STANDARD = "gnu++0x";
				CLANG_CXX_LIBRARY = "libc++";
				CLANG_ENABLE_MODULES = YES;
				CLANG_ENABLE_OBJC_ARC = YES;
				CLANG_WARN_BLOCK_CAPTURE_AUTORELEASING = YES;
				CLANG_WARN_BOOL_CONVERSION = YES;
				CLANG_WARN_COMMA = YES;
				CLANG_WARN_CONSTANT_CONVERSION = YES;
				CLANG_WARN_DIRECT_OBJC_ISA_USAGE = YES_ERROR;
				CLANG_WARN_EMPTY_BODY = YES;
				CLANG_WARN_ENUM_CONVERSION = YES;
				CLANG_WARN_INFINITE_RECURSION = YES;
				CLANG_WARN_INT_CONVERSION = YES;
				CLANG_WARN_NON_LITERAL_NULL_CONVERSION = YES;
				CLANG_WARN_OBJC_LITERAL_CONVERSION = YES;
				CLANG_WARN_OBJC_ROOT_CLASS = YES_ERROR;
				CLANG_WARN_RANGE_LOOP_ANALYSIS = YES;
				CLANG_WARN_STRICT_PROTOTYPES = YES;
				CLANG_WARN_SUSPICIOUS_MOVE = YES;
				CLANG_WARN_UNREACHABLE_CODE = YES;
				CLANG_WARN__DUPLICATE_METHOD_MATCH = YES;
				"CODE_SIGN_IDENTITY[sdk=iphoneos*]" = "iPhone Developer";
				COPY_PHASE_STRIP = NO;
				DEBUG_INFORMATION_FORMAT = "dwarf-with-dsym";
				ENABLE_STRICT_OBJC_MSGSEND = YES;
				ENABLE_TESTABILITY = YES;
				GCC_C_LANGUAGE_STANDARD = gnu99;
				GCC_DYNAMIC_NO_PIC = NO;
				GCC_NO_COMMON_BLOCKS = YES;
				GCC_OPTIMIZATION_LEVEL = 0;
				GCC_PREPROCESSOR_DEFINITIONS = (
					"DEBUG=1",
					"$(inherited)",
				);
				GCC_SYMBOLS_PRIVATE_EXTERN = NO;
				GCC_WARN_64_TO_32_BIT_CONVERSION = YES;
				GCC_WARN_ABOUT_RETURN_TYPE = YES_ERROR;
				GCC_WARN_UNDECLARED_SELECTOR = YES;
				GCC_WARN_UNINITIALIZED_AUTOS = YES_AGGRESSIVE;
				GCC_WARN_UNUSED_FUNCTION = YES;
				GCC_WARN_UNUSED_VARIABLE = YES;
				IPHONEOS_DEPLOYMENT_TARGET = 14.1;
				MTL_ENABLE_DEBUG_INFO = YES;
				ONLY_ACTIVE_ARCH = YES;
				SDKROOT = iphoneos;
				SWIFT_OPTIMIZATION_LEVEL = "-Onone";
				SWIFT_VERSION = 5.0;
			};
			name = Debug;
		};
		607FACEE1AFB9204008FA782 /* Release */ = {
			isa = XCBuildConfiguration;
			buildSettings = {
				ALWAYS_SEARCH_USER_PATHS = NO;
				CLANG_CXX_LANGUAGE_STANDARD = "gnu++0x";
				CLANG_CXX_LIBRARY = "libc++";
				CLANG_ENABLE_MODULES = YES;
				CLANG_ENABLE_OBJC_ARC = YES;
				CLANG_WARN_BLOCK_CAPTURE_AUTORELEASING = YES;
				CLANG_WARN_BOOL_CONVERSION = YES;
				CLANG_WARN_COMMA = YES;
				CLANG_WARN_CONSTANT_CONVERSION = YES;
				CLANG_WARN_DIRECT_OBJC_ISA_USAGE = YES_ERROR;
				CLANG_WARN_EMPTY_BODY = YES;
				CLANG_WARN_ENUM_CONVERSION = YES;
				CLANG_WARN_INFINITE_RECURSION = YES;
				CLANG_WARN_INT_CONVERSION = YES;
				CLANG_WARN_NON_LITERAL_NULL_CONVERSION = YES;
				CLANG_WARN_OBJC_LITERAL_CONVERSION = YES;
				CLANG_WARN_OBJC_ROOT_CLASS = YES_ERROR;
				CLANG_WARN_RANGE_LOOP_ANALYSIS = YES;
				CLANG_WARN_STRICT_PROTOTYPES = YES;
				CLANG_WARN_SUSPICIOUS_MOVE = YES;
				CLANG_WARN_UNREACHABLE_CODE = YES;
				CLANG_WARN__DUPLICATE_METHOD_MATCH = YES;
				"CODE_SIGN_IDENTITY[sdk=iphoneos*]" = "iPhone Developer";
				COPY_PHASE_STRIP = NO;
				DEBUG_INFORMATION_FORMAT = "dwarf-with-dsym";
				ENABLE_NS_ASSERTIONS = NO;
				ENABLE_STRICT_OBJC_MSGSEND = YES;
				GCC_C_LANGUAGE_STANDARD = gnu99;
				GCC_NO_COMMON_BLOCKS = YES;
				GCC_WARN_64_TO_32_BIT_CONVERSION = YES;
				GCC_WARN_ABOUT_RETURN_TYPE = YES_ERROR;
				GCC_WARN_UNDECLARED_SELECTOR = YES;
				GCC_WARN_UNINITIALIZED_AUTOS = YES_AGGRESSIVE;
				GCC_WARN_UNUSED_FUNCTION = YES;
				GCC_WARN_UNUSED_VARIABLE = YES;
				IPHONEOS_DEPLOYMENT_TARGET = 14.1;
				MTL_ENABLE_DEBUG_INFO = NO;
				SDKROOT = iphoneos;
				SWIFT_COMPILATION_MODE = wholemodule;
				SWIFT_OPTIMIZATION_LEVEL = "-O";
				SWIFT_VERSION = 5.0;
				VALIDATE_PRODUCT = YES;
			};
			name = Release;
		};
		607FACF01AFB9204008FA782 /* Debug */ = {
			isa = XCBuildConfiguration;
			baseConfigurationReference = 2574E4B00DCF2048FD577652 /* Pods-LiveDigitalSDKExample.debug.xcconfig */;
			buildSettings = {
				ASSETCATALOG_COMPILER_APPICON_NAME = AppIcon;
				DEVELOPMENT_TEAM = ZZ67H72W73;
				ENABLE_BITCODE = NO;
				INFOPLIST_FILE = LiveDigitalSDK/Info.plist;
				IPHONEOS_DEPLOYMENT_TARGET = 15.0;
				LD_RUNPATH_SEARCH_PATHS = (
					"$(inherited)",
					"@executable_path/Frameworks",
				);
				MODULE_NAME = ExampleApp;
				PRODUCT_BUNDLE_IDENTIFIER = "pro.vlprojects.livedigital-sdk-example";
				PRODUCT_NAME = "$(TARGET_NAME)";
				SWIFT_SWIFT3_OBJC_INFERENCE = Default;
			};
			name = Debug;
		};
		607FACF11AFB9204008FA782 /* Release */ = {
			isa = XCBuildConfiguration;
			baseConfigurationReference = 27E513552BC84B561A588B2D /* Pods-LiveDigitalSDKExample.release.xcconfig */;
			buildSettings = {
				ASSETCATALOG_COMPILER_APPICON_NAME = AppIcon;
				DEVELOPMENT_TEAM = ZZ67H72W73;
				ENABLE_BITCODE = NO;
				INFOPLIST_FILE = LiveDigitalSDK/Info.plist;
				IPHONEOS_DEPLOYMENT_TARGET = 15.0;
				LD_RUNPATH_SEARCH_PATHS = (
					"$(inherited)",
					"@executable_path/Frameworks",
				);
				MODULE_NAME = ExampleApp;
				PRODUCT_BUNDLE_IDENTIFIER = "pro.vlprojects.livedigital-sdk-example";
				PRODUCT_NAME = "$(TARGET_NAME)";
				SWIFT_SWIFT3_OBJC_INFERENCE = Default;
			};
			name = Release;
		};
/* End XCBuildConfiguration section */

/* Begin XCConfigurationList section */
		607FACCB1AFB9204008FA782 /* Build configuration list for PBXProject "CP_Example" */ = {
			isa = XCConfigurationList;
			buildConfigurations = (
				607FACED1AFB9204008FA782 /* Debug */,
				607FACEE1AFB9204008FA782 /* Release */,
			);
			defaultConfigurationIsVisible = 0;
			defaultConfigurationName = Release;
		};
		607FACEF1AFB9204008FA782 /* Build configuration list for PBXNativeTarget "LiveDigitalSDKExample" */ = {
			isa = XCConfigurationList;
			buildConfigurations = (
				607FACF01AFB9204008FA782 /* Debug */,
				607FACF11AFB9204008FA782 /* Release */,
			);
			defaultConfigurationIsVisible = 0;
			defaultConfigurationName = Release;
		};
/* End XCConfigurationList section */
	};
	rootObject = 607FACC81AFB9204008FA782 /* Project object */;
}
