// !$*UTF8*$!
{
	archiveVersion = 1;
	classes = {
	};
	objectVersion = 54;
	objects = {

/* Begin PBXBuildFile section */
		E4CD703675EF048165295137 /* Pods_LiveDigitalSDKExample.framework in Frameworks */ = {isa = PBXBuildFile; fileRef = 1D970F2F152FCB07F1758161 /* Pods_LiveDigitalSDKExample.framework */; };
		FF27FF552F8603B900634930 /* Localizable.xcstrings in Resources */ = {isa = PBXBuildFile; fileRef = FF27FF542F8603B900634930 /* Localizable.xcstrings */; };
		FF4214332FFF56870032C64C /* Defaults+StoredValue.swift in Sources */ = {isa = PBXBuildFile; fileRef = FF42142E2FFF56870032C64C /* Defaults+StoredValue.swift */; };
		FF4214342FFF56870032C64C /* StockMoodhoodAPIClient.swift in Sources */ = {isa = PBXBuildFile; fileRef = FF42141F2FFF56870032C64C /* StockMoodhoodAPIClient.swift */; };
		FF4214352FFF56870032C64C /* CurlRequestPrinter.swift in Sources */ = {isa = PBXBuildFile; fileRef = FF4213CA2FFF56870032C64C /* CurlRequestPrinter.swift */; };
		FF4214362FFF56870032C64C /* NotificationsStack.swift in Sources */ = {isa = PBXBuildFile; fileRef = FF4213F22FFF56870032C64C /* NotificationsStack.swift */; };
		FF4214372FFF56870032C64C /* AccountManager.swift in Sources */ = {isa = PBXBuildFile; fileRef = FF4213CD2FFF56870032C64C /* AccountManager.swift */; };
		FF4214382FFF56870032C64C /* RoundButtonStyleMediaSound.swift in Sources */ = {isa = PBXBuildFile; fileRef = FF4213FE2FFF56870032C64C /* RoundButtonStyleMediaSound.swift */; };
		FF4214392FFF56870032C64C /* PushPermissionsManager.swift in Sources */ = {isa = PBXBuildFile; fileRef = FF4214242FFF56870032C64C /* PushPermissionsManager.swift */; };
		FF42143A2FFF56870032C64C /* MoodhoodParticipant.swift in Sources */ = {isa = PBXBuildFile; fileRef = FF4214182FFF56870032C64C /* MoodhoodParticipant.swift */; };
		FF42143B2FFF56870032C64C /* MoodhoodAPIEnvironment.swift in Sources */ = {isa = PBXBuildFile; fileRef = FF42141E2FFF56870032C64C /* MoodhoodAPIEnvironment.swift */; };
		FF42143C2FFF56870032C64C /* CallStartScreenVM.swift in Sources */ = {isa = PBXBuildFile; fileRef = FF4213E62FFF56870032C64C /* CallStartScreenVM.swift */; };
		FF42143D2FFF56870032C64C /* APIClientError.swift in Sources */ = {isa = PBXBuildFile; fileRef = FF4213C92FFF56870032C64C /* APIClientError.swift */; };
		FF42143E2FFF56870032C64C /* AudioCallVM.swift in Sources */ = {isa = PBXBuildFile; fileRef = FF4213E02FFF56870032C64C /* AudioCallVM.swift */; };
		FF42143F2FFF56870032C64C /* EmptyResult.swift in Sources */ = {isa = PBXBuildFile; fileRef = FF4214172FFF56870032C64C /* EmptyResult.swift */; };
		FF4214402FFF56870032C64C /* RoundButtonStyleReject.swift in Sources */ = {isa = PBXBuildFile; fileRef = FF4213FF2FFF56870032C64C /* RoundButtonStyleReject.swift */; };
		FF4214412FFF56870032C64C /* Defaults.swift in Sources */ = {isa = PBXBuildFile; fileRef = FF42142D2FFF56870032C64C /* Defaults.swift */; };
		FF4214422FFF56870032C64C /* PermissionIndicator.swift in Sources */ = {isa = PBXBuildFile; fileRef = FF4214042FFF56870032C64C /* PermissionIndicator.swift */; };
		FF4214432FFF56870032C64C /* RoundButtonStyle.swift in Sources */ = {isa = PBXBuildFile; fileRef = FF4213F92FFF56870032C64C /* RoundButtonStyle.swift */; };
		FF4214442FFF56870032C64C /* MoodhoodAPIClient.swift in Sources */ = {isa = PBXBuildFile; fileRef = FF42141D2FFF56870032C64C /* MoodhoodAPIClient.swift */; };
		FF4214452FFF56870032C64C /* SessionView.swift in Sources */ = {isa = PBXBuildFile; fileRef = FF4213E32FFF56870032C64C /* SessionView.swift */; };
		FF4214462FFF56870032C64C /* StockCRSAPIClient.swift in Sources */ = {isa = PBXBuildFile; fileRef = FF4214132FFF56870032C64C /* StockCRSAPIClient.swift */; };
		FF4214472FFF56870032C64C /* CallFlowCoordinator.swift in Sources */ = {isa = PBXBuildFile; fileRef = FF4213D52FFF56870032C64C /* CallFlowCoordinator.swift */; };
		FF4214482FFF56870032C64C /* CaptureDevicePermissionsManager.swift in Sources */ = {isa = PBXBuildFile; fileRef = FF4214212FFF56870032C64C /* CaptureDevicePermissionsManager.swift */; };
		FF4214492FFF56870032C64C /* CallManagerObserver.swift in Sources */ = {isa = PBXBuildFile; fileRef = FF4213DB2FFF56870032C64C /* CallManagerObserver.swift */; };
		FF42144A2FFF56870032C64C /* AssetColor.swift in Sources */ = {isa = PBXBuildFile; fileRef = FF4213E82FFF56870032C64C /* AssetColor.swift */; };
		FF42144B2FFF56870032C64C /* RoundButtonStyleCustom.swift in Sources */ = {isa = PBXBuildFile; fileRef = FF4213FB2FFF56870032C64C /* RoundButtonStyleCustom.swift */; };
		FF42144C2FFF56870032C64C /* SignalingToken.swift in Sources */ = {isa = PBXBuildFile; fileRef = FF42141B2FFF56870032C64C /* SignalingToken.swift */; };
		FF42144D2FFF56870032C64C /* CRSAPIEnvironment.swift in Sources */ = {isa = PBXBuildFile; fileRef = FF4214122FFF56870032C64C /* CRSAPIEnvironment.swift */; };
		FF42144E2FFF56870032C64C /* FakeAccountManager.swift in Sources */ = {isa = PBXBuildFile; fileRef = FF4213D12FFF56870032C64C /* FakeAccountManager.swift */; };
		FF42144F2FFF56870032C64C /* RoundButtonConfig.swift in Sources */ = {isa = PBXBuildFile; fileRef = FF4213F82FFF56870032C64C /* RoundButtonConfig.swift */; };
		FF4214502FFF56870032C64C /* AppDelegate.swift in Sources */ = {isa = PBXBuildFile; fileRef = FF4213D32FFF56870032C64C /* AppDelegate.swift */; };
		FF4214512FFF56870032C64C /* NotificationView.swift in Sources */ = {isa = PBXBuildFile; fileRef = FF4213F42FFF56870032C64C /* NotificationView.swift */; };
		FF4214522FFF56870032C64C /* QRGenerator.swift in Sources */ = {isa = PBXBuildFile; fileRef = FF4214272FFF56870032C64C /* QRGenerator.swift */; };
		FF4214532FFF56870032C64C /* ConferenceSessionVM.swift in Sources */ = {isa = PBXBuildFile; fileRef = FF4214092FFF56870032C64C /* ConferenceSessionVM.swift */; };
		FF4214542FFF56870032C64C /* ConferenceStartScreenVM.swift in Sources */ = {isa = PBXBuildFile; fileRef = FF42140C2FFF56870032C64C /* ConferenceStartScreenVM.swift */; };
		FF4214552FFF56870032C64C /* RoundButtonStyleAccept.swift in Sources */ = {isa = PBXBuildFile; fileRef = FF4213FA2FFF56870032C64C /* RoundButtonStyleAccept.swift */; };
		FF4214562FFF56870032C64C /* APNSTokenProvider.swift in Sources */ = {isa = PBXBuildFile; fileRef = FF4213CF2FFF56870032C64C /* APNSTokenProvider.swift */; };
		FF4214572FFF56870032C64C /* CallManager.swift in Sources */ = {isa = PBXBuildFile; fileRef = FF4213DA2FFF56870032C64C /* CallManager.swift */; };
		FF4214582FFF56870032C64C /* AudioCallView.swift in Sources */ = {isa = PBXBuildFile; fileRef = FF4213DF2FFF56870032C64C /* AudioCallView.swift */; };
		FF4214592FFF56870032C64C /* StockCallManager.swift in Sources */ = {isa = PBXBuildFile; fileRef = FF4213DD2FFF56870032C64C /* StockCallManager.swift */; };
		FF42145A2FFF56870032C64C /* RegisteredDevice.swift in Sources */ = {isa = PBXBuildFile; fileRef = FF42140E2FFF56870032C64C /* RegisteredDevice.swift */; };
		FF42145B2FFF56870032C64C /* ConferenceStartScreenView.swift in Sources */ = {isa = PBXBuildFile; fileRef = FF42140B2FFF56870032C64C /* ConferenceStartScreenView.swift */; };
		FF42145C2FFF56870032C64C /* PermissionState.swift in Sources */ = {isa = PBXBuildFile; fileRef = FF4214232FFF56870032C64C /* PermissionState.swift */; };
		FF42145D2FFF56870032C64C /* FlowSelectionView.swift in Sources */ = {isa = PBXBuildFile; fileRef = FF4214152FFF56870032C64C /* FlowSelectionView.swift */; };
		FF42145E2FFF56870032C64C /* AppConfig.swift in Sources */ = {isa = PBXBuildFile; fileRef = FF42142A2FFF56870032C64C /* AppConfig.swift */; };
		FF42145F2FFF56870032C64C /* CaptureDeviceType.swift in Sources */ = {isa = PBXBuildFile; fileRef = FF4214222FFF56870032C64C /* CaptureDeviceType.swift */; };
		FF4214602FFF56870032C64C /* CallStartScreenView.swift in Sources */ = {isa = PBXBuildFile; fileRef = FF4213E52FFF56870032C64C /* CallStartScreenView.swift */; };
		FF4214612FFF56870032C64C /* StockCaptureDevicePermissionsManager.swift in Sources */ = {isa = PBXBuildFile; fileRef = FF4214252FFF56870032C64C /* StockCaptureDevicePermissionsManager.swift */; };
		FF4214622FFF56870032C64C /* StockAPIClient.swift in Sources */ = {isa = PBXBuildFile; fileRef = FF4213CB2FFF56870032C64C /* StockAPIClient.swift */; };
		FF4214632FFF56870032C64C /* Weak.swift in Sources */ = {isa = PBXBuildFile; fileRef = FF4214312FFF56870032C64C /* Weak.swift */; };
		FF4214642FFF56870032C64C /* AssetFont.swift in Sources */ = {isa = PBXBuildFile; fileRef = FF4213EB2FFF56870032C64C /* AssetFont.swift */; };
		FF4214652FFF56870032C64C /* ConferenceFlowCoordinator.swift in Sources */ = {isa = PBXBuildFile; fileRef = FF4213D62FFF56870032C64C /* ConferenceFlowCoordinator.swift */; };
		FF4214662FFF56870032C64C /* NotificationsVM.swift in Sources */ = {isa = PBXBuildFile; fileRef = FF4213F32FFF56870032C64C /* NotificationsVM.swift */; };
		FF4214672FFF56870032C64C /* MoodhoodUserToken.swift in Sources */ = {isa = PBXBuildFile; fileRef = FF4214192FFF56870032C64C /* MoodhoodUserToken.swift */; };
		FF4214682FFF56870032C64C /* CallSessionStatus.swift in Sources */ = {isa = PBXBuildFile; fileRef = FF4213E22FFF56870032C64C /* CallSessionStatus.swift */; };
		FF4214692FFF56870032C64C /* TokenInvalidationReason.swift in Sources */ = {isa = PBXBuildFile; fileRef = FF42140F2FFF56870032C64C /* TokenInvalidationReason.swift */; };
		FF42146A2FFF56870032C64C /* RoundButtonStyledContent.swift in Sources */ = {isa = PBXBuildFile; fileRef = FF4213FC2FFF56870032C64C /* RoundButtonStyledContent.swift */; };
		FF42146B2FFF56870032C64C /* ConferenceSessionView.swift in Sources */ = {isa = PBXBuildFile; fileRef = FF4214082FFF56870032C64C /* ConferenceSessionView.swift */; };
		FF42146C2FFF56870032C64C /* StockQRGenerator.swift in Sources */ = {isa = PBXBuildFile; fileRef = FF4214282FFF56870032C64C /* StockQRGenerator.swift */; };
		FF42146D2FFF56870032C64C /* TopFadeMask.swift in Sources */ = {isa = PBXBuildFile; fileRef = FF4213F52FFF56870032C64C /* TopFadeMask.swift */; };
		FF42146E2FFF56870032C64C /* AppConfig+StoredValue.swift in Sources */ = {isa = PBXBuildFile; fileRef = FF42142B2FFF56870032C64C /* AppConfig+StoredValue.swift */; };
		FF42146F2FFF56870032C64C /* CallPushAction.swift in Sources */ = {isa = PBXBuildFile; fileRef = FF4213D02FFF56870032C64C /* CallPushAction.swift */; };
		FF4214702FFF56870032C64C /* OutboundCallTokenPayload.swift in Sources */ = {isa = PBXBuildFile; fileRef = FF4213DC2FFF56870032C64C /* OutboundCallTokenPayload.swift */; };
		FF4214712FFF56870032C64C /* APNSEnvironment.swift in Sources */ = {isa = PBXBuildFile; fileRef = FF4213CE2FFF56870032C64C /* APNSEnvironment.swift */; };
		FF4214722FFF56870032C64C /* LDToggleStyle.swift in Sources */ = {isa = PBXBuildFile; fileRef = FF4214032FFF56870032C64C /* LDToggleStyle.swift */; };
		FF4214732FFF56870032C64C /* CallDurationTimer.swift in Sources */ = {isa = PBXBuildFile; fileRef = FF42142C2FFF56870032C64C /* CallDurationTimer.swift */; };
		FF4214742FFF56870032C64C /* APIClient.swift in Sources */ = {isa = PBXBuildFile; fileRef = FF4213C82FFF56870032C64C /* APIClient.swift */; };
		FF4214752FFF56870032C64C /* Call.swift in Sources */ = {isa = PBXBuildFile; fileRef = FF4213D92FFF56870032C64C /* Call.swift */; };
		FF4214762FFF56870032C64C /* RoundButtonStyleMediaCapture.swift in Sources */ = {isa = PBXBuildFile; fileRef = FF4213FD2FFF56870032C64C /* RoundButtonStyleMediaCapture.swift */; };
		FF4214772FFF56870032C64C /* ConferenceScreenCoordinator.swift in Sources */ = {isa = PBXBuildFile; fileRef = FF4214072FFF56870032C64C /* ConferenceScreenCoordinator.swift */; };
		FF4214782FFF56870032C64C /* GradientBackgroundView.swift in Sources */ = {isa = PBXBuildFile; fileRef = FF4214012FFF56870032C64C /* GradientBackgroundView.swift */; };
		FF4214792FFF56870032C64C /* RoundButton.swift in Sources */ = {isa = PBXBuildFile; fileRef = FF4213F72FFF56870032C64C /* RoundButton.swift */; };
		FF42147A2FFF56870032C64C /* DeviceEnvironment.swift in Sources */ = {isa = PBXBuildFile; fileRef = FF42142F2FFF56870032C64C /* DeviceEnvironment.swift */; };
		FF42147B2FFF56870032C64C /* Room.swift in Sources */ = {isa = PBXBuildFile; fileRef = FF42141A2FFF56870032C64C /* Room.swift */; };
		FF42147C2FFF56870032C64C /* DeviceEnvironmentProvider.swift in Sources */ = {isa = PBXBuildFile; fileRef = FF4214302FFF56870032C64C /* DeviceEnvironmentProvider.swift */; };
		FF42147D2FFF56870032C64C /* NotificationContent.swift in Sources */ = {isa = PBXBuildFile; fileRef = FF4213F12FFF56870032C64C /* NotificationContent.swift */; };
		FF42147E2FFF56870032C64C /* AppWorkflow.swift in Sources */ = {isa = PBXBuildFile; fileRef = FF4213D42FFF56870032C64C /* AppWorkflow.swift */; };
		FF42147F2FFF56870032C64C /* RoundedContainer.swift in Sources */ = {isa = PBXBuildFile; fileRef = FF4214052FFF56870032C64C /* RoundedContainer.swift */; };
		FF4214802FFF56870032C64C /* SceneDelegate.swift in Sources */ = {isa = PBXBuildFile; fileRef = FF4213D72FFF56870032C64C /* SceneDelegate.swift */; };
		FF4214812FFF56870032C64C /* CRSAPIClient.swift in Sources */ = {isa = PBXBuildFile; fileRef = FF4214112FFF56870032C64C /* CRSAPIClient.swift */; };
		FF4214822FFF56870032C64C /* CallScreenCoordinator.swift in Sources */ = {isa = PBXBuildFile; fileRef = FF4213E12FFF56870032C64C /* CallScreenCoordinator.swift */; };
		FF4214832FFF56870032C64C /* PTRootUI-Light.ttf in Resources */ = {isa = PBXBuildFile; fileRef = FF4213ED2FFF56870032C64C /* PTRootUI-Light.ttf */; };
		FF4214842FFF56870032C64C /* PTRootUI-Regular.ttf in Resources */ = {isa = PBXBuildFile; fileRef = FF4213EF2FFF56870032C64C /* PTRootUI-Regular.ttf */; };
		FF4214852FFF56870032C64C /* PTRootUI-Medium.ttf in Resources */ = {isa = PBXBuildFile; fileRef = FF4213EE2FFF56870032C64C /* PTRootUI-Medium.ttf */; };
		FF4214862FFF56870032C64C /* PTRootUI-Bold.ttf in Resources */ = {isa = PBXBuildFile; fileRef = FF4213EC2FFF56870032C64C /* PTRootUI-Bold.ttf */; };
		FF4214872FFF56870032C64C /* ImageAssets.xcassets in Resources */ = {isa = PBXBuildFile; fileRef = FF4214022FFF56870032C64C /* ImageAssets.xcassets */; };
		FF4214882FFF56870032C64C /* ColorAssets.xcassets in Resources */ = {isa = PBXBuildFile; fileRef = FF4213E92FFF56870032C64C /* ColorAssets.xcassets */; };
		FF42148B2FFF56DB0032C64C /* JWTKit in Frameworks */ = {isa = PBXBuildFile; productRef = FF42148A2FFF56DB0032C64C /* JWTKit */; };
		FF741AB82F8F53C200C4C19C /* String+Localizable.swift in Sources */ = {isa = PBXBuildFile; fileRef = FF741AB72F8F53BC00C4C19C /* String+Localizable.swift */; };
		FFF42C7B2F31DD5800AE3966 /* Images.xcassets in Resources */ = {isa = PBXBuildFile; fileRef = FFF42C6E2F31DD5800AE3966 /* Images.xcassets */; };
		FFF42C7C2F31DD5800AE3966 /* LaunchScreen.xib in Resources */ = {isa = PBXBuildFile; fileRef = FFF42C702F31DD5800AE3966 /* LaunchScreen.xib */; };
/* End PBXBuildFile section */

/* Begin PBXFileReference section */
		0A495EE11C6F9A63FC91E73F /* Pods-LiveDigitalSDKExample_Tests.debug.xcconfig */ = {isa = PBXFileReference; includeInIndex = 1; lastKnownFileType = text.xcconfig; name = "Pods-LiveDigitalSDKExample_Tests.debug.xcconfig"; path = "Target Support Files/Pods-LiveDigitalSDKExample_Tests/Pods-LiveDigitalSDKExample_Tests.debug.xcconfig"; sourceTree = "<group>"; };
		0DF190EA7B43B1E668736D27 /* Pods-LiveDigitalSDKExample_Tests.release.xcconfig */ = {isa = PBXFileReference; includeInIndex = 1; lastKnownFileType = text.xcconfig; name = "Pods-LiveDigitalSDKExample_Tests.release.xcconfig"; path = "Target Support Files/Pods-LiveDigitalSDKExample_Tests/Pods-LiveDigitalSDKExample_Tests.release.xcconfig"; sourceTree = "<group>"; };
		1D970F2F152FCB07F1758161 /* Pods_LiveDigitalSDKExample.framework */ = {isa = PBXFileReference; explicitFileType = wrapper.framework; includeInIndex = 0; path = Pods_LiveDigitalSDKExample.framework; sourceTree = BUILT_PRODUCTS_DIR; };
		2574E4B00DCF2048FD577652 /* Pods-LiveDigitalSDKExample.debug.xcconfig */ = {isa = PBXFileReference; includeInIndex = 1; lastKnownFileType = text.xcconfig; name = "Pods-LiveDigitalSDKExample.debug.xcconfig"; path = "Target Support Files/Pods-LiveDigitalSDKExample/Pods-LiveDigitalSDKExample.debug.xcconfig"; sourceTree = "<group>"; };
		27E513552BC84B561A588B2D /* Pods-LiveDigitalSDKExample.release.xcconfig */ = {isa = PBXFileReference; includeInIndex = 1; lastKnownFileType = text.xcconfig; name = "Pods-LiveDigitalSDKExample.release.xcconfig"; path = "Target Support Files/Pods-LiveDigitalSDKExample/Pods-LiveDigitalSDKExample.release.xcconfig"; sourceTree = "<group>"; };
		2C502E7DD78D26F95CCDE30D /* LiveDigitalSDK.podspec */ = {isa = PBXFileReference; includeInIndex = 1; lastKnownFileType = text; name = LiveDigitalSDK.podspec; path = ../LiveDigitalSDK.podspec; sourceTree = "<group>"; xcLanguageSpecificationIdentifier = xcode.lang.ruby; };
		607FACD01AFB9204008FA782 /* LiveDigitalSDKExample.app */ = {isa = PBXFileReference; explicitFileType = wrapper.application; includeInIndex = 0; path = LiveDigitalSDKExample.app; sourceTree = BUILT_PRODUCTS_DIR; };
		78EA401149B94AA7EBFB46CF /* Pods_LiveDigitalSDKExample_Tests.framework */ = {isa = PBXFileReference; explicitFileType = wrapper.framework; includeInIndex = 0; path = Pods_LiveDigitalSDKExample_Tests.framework; sourceTree = BUILT_PRODUCTS_DIR; };
		7A00D70263FC4BD91D4F586D /* LICENSE */ = {isa = PBXFileReference; includeInIndex = 1; lastKnownFileType = text; name = LICENSE; path = ../LICENSE; sourceTree = "<group>"; };
		FF27FF542F8603B900634930 /* Localizable.xcstrings */ = {isa = PBXFileReference; lastKnownFileType = text.json.xcstrings; path = Localizable.xcstrings; sourceTree = "<group>"; };
		FF4213C82FFF56870032C64C /* APIClient.swift */ = {isa = PBXFileReference; lastKnownFileType = sourcecode.swift; path = APIClient.swift; sourceTree = "<group>"; };
		FF4213C92FFF56870032C64C /* APIClientError.swift */ = {isa = PBXFileReference; lastKnownFileType = sourcecode.swift; path = APIClientError.swift; sourceTree = "<group>"; };
		FF4213CA2FFF56870032C64C /* CurlRequestPrinter.swift */ = {isa = PBXFileReference; lastKnownFileType = sourcecode.swift; path = CurlRequestPrinter.swift; sourceTree = "<group>"; };
		FF4213CB2FFF56870032C64C /* StockAPIClient.swift */ = {isa = PBXFileReference; lastKnownFileType = sourcecode.swift; path = StockAPIClient.swift; sourceTree = "<group>"; };
		FF4213CD2FFF56870032C64C /* AccountManager.swift */ = {isa = PBXFileReference; lastKnownFileType = sourcecode.swift; path = AccountManager.swift; sourceTree = "<group>"; };
		FF4213CE2FFF56870032C64C /* APNSEnvironment.swift */ = {isa = PBXFileReference; lastKnownFileType = sourcecode.swift; path = APNSEnvironment.swift; sourceTree = "<group>"; };
		FF4213CF2FFF56870032C64C /* APNSTokenProvider.swift */ = {isa = PBXFileReference; lastKnownFileType = sourcecode.swift; path = APNSTokenProvider.swift; sourceTree = "<group>"; };
		FF4213D02FFF56870032C64C /* CallPushAction.swift */ = {isa = PBXFileReference; lastKnownFileType = sourcecode.swift; path = CallPushAction.swift; sourceTree = "<group>"; };
		FF4213D12FFF56870032C64C /* FakeAccountManager.swift */ = {isa = PBXFileReference; lastKnownFileType = sourcecode.swift; path = FakeAccountManager.swift; sourceTree = "<group>"; };
		FF4213D32FFF56870032C64C /* AppDelegate.swift */ = {isa = PBXFileReference; lastKnownFileType = sourcecode.swift; path = AppDelegate.swift; sourceTree = "<group>"; };
		FF4213D42FFF56870032C64C /* AppWorkflow.swift */ = {isa = PBXFileReference; lastKnownFileType = sourcecode.swift; path = AppWorkflow.swift; sourceTree = "<group>"; };
		FF4213D52FFF56870032C64C /* CallFlowCoordinator.swift */ = {isa = PBXFileReference; lastKnownFileType = sourcecode.swift; path = CallFlowCoordinator.swift; sourceTree = "<group>"; };
		FF4213D62FFF56870032C64C /* ConferenceFlowCoordinator.swift */ = {isa = PBXFileReference; lastKnownFileType = sourcecode.swift; path = ConferenceFlowCoordinator.swift; sourceTree = "<group>"; };
		FF4213D72FFF56870032C64C /* SceneDelegate.swift */ = {isa = PBXFileReference; lastKnownFileType = sourcecode.swift; path = SceneDelegate.swift; sourceTree = "<group>"; };
		FF4213D92FFF56870032C64C /* Call.swift */ = {isa = PBXFileReference; lastKnownFileType = sourcecode.swift; path = Call.swift; sourceTree = "<group>"; };
		FF4213DA2FFF56870032C64C /* CallManager.swift */ = {isa = PBXFileReference; lastKnownFileType = sourcecode.swift; path = CallManager.swift; sourceTree = "<group>"; };
		FF4213DB2FFF56870032C64C /* CallManagerObserver.swift */ = {isa = PBXFileReference; lastKnownFileType = sourcecode.swift; path = CallManagerObserver.swift; sourceTree = "<group>"; };
		FF4213DC2FFF56870032C64C /* OutboundCallTokenPayload.swift */ = {isa = PBXFileReference; lastKnownFileType = sourcecode.swift; path = OutboundCallTokenPayload.swift; sourceTree = "<group>"; };
		FF4213DD2FFF56870032C64C /* StockCallManager.swift */ = {isa = PBXFileReference; lastKnownFileType = sourcecode.swift; path = StockCallManager.swift; sourceTree = "<group>"; };
		FF4213DF2FFF56870032C64C /* AudioCallView.swift */ = {isa = PBXFileReference; lastKnownFileType = sourcecode.swift; path = AudioCallView.swift; sourceTree = "<group>"; };
		FF4213E02FFF56870032C64C /* AudioCallVM.swift */ = {isa = PBXFileReference; lastKnownFileType = sourcecode.swift; path = AudioCallVM.swift; sourceTree = "<group>"; };
		FF4213E12FFF56870032C64C /* CallScreenCoordinator.swift */ = {isa = PBXFileReference; lastKnownFileType = sourcecode.swift; path = CallScreenCoordinator.swift; sourceTree = "<group>"; };
		FF4213E22FFF56870032C64C /* CallSessionStatus.swift */ = {isa = PBXFileReference; lastKnownFileType = sourcecode.swift; path = CallSessionStatus.swift; sourceTree = "<group>"; };
		FF4213E32FFF56870032C64C /* SessionView.swift */ = {isa = PBXFileReference; lastKnownFileType = sourcecode.swift; path = SessionView.swift; sourceTree = "<group>"; };
		FF4213E52FFF56870032C64C /* CallStartScreenView.swift */ = {isa = PBXFileReference; lastKnownFileType = sourcecode.swift; path = CallStartScreenView.swift; sourceTree = "<group>"; };
		FF4213E62FFF56870032C64C /* CallStartScreenVM.swift */ = {isa = PBXFileReference; lastKnownFileType = sourcecode.swift; path = CallStartScreenVM.swift; sourceTree = "<group>"; };
		FF4213E82FFF56870032C64C /* AssetColor.swift */ = {isa = PBXFileReference; lastKnownFileType = sourcecode.swift; path = AssetColor.swift; sourceTree = "<group>"; };
		FF4213E92FFF56870032C64C /* ColorAssets.xcassets */ = {isa = PBXFileReference; lastKnownFileType = folder.assetcatalog; path = ColorAssets.xcassets; sourceTree = "<group>"; };
		FF4213EB2FFF56870032C64C /* AssetFont.swift */ = {isa = PBXFileReference; lastKnownFileType = sourcecode.swift; path = AssetFont.swift; sourceTree = "<group>"; };
		FF4213EC2FFF56870032C64C /* PTRootUI-Bold.ttf */ = {isa = PBXFileReference; lastKnownFileType = file; path = "PTRootUI-Bold.ttf"; sourceTree = "<group>"; };
		FF4213ED2FFF56870032C64C /* PTRootUI-Light.ttf */ = {isa = PBXFileReference; lastKnownFileType = file; path = "PTRootUI-Light.ttf"; sourceTree = "<group>"; };
		FF4213EE2FFF56870032C64C /* PTRootUI-Medium.ttf */ = {isa = PBXFileReference; lastKnownFileType = file; path = "PTRootUI-Medium.ttf"; sourceTree = "<group>"; };
		FF4213EF2FFF56870032C64C /* PTRootUI-Regular.ttf */ = {isa = PBXFileReference; lastKnownFileType = file; path = "PTRootUI-Regular.ttf"; sourceTree = "<group>"; };
		FF4213F12FFF56870032C64C /* NotificationContent.swift */ = {isa = PBXFileReference; lastKnownFileType = sourcecode.swift; path = NotificationContent.swift; sourceTree = "<group>"; };
		FF4213F22FFF56870032C64C /* NotificationsStack.swift */ = {isa = PBXFileReference; lastKnownFileType = sourcecode.swift; path = NotificationsStack.swift; sourceTree = "<group>"; };
		FF4213F32FFF56870032C64C /* NotificationsVM.swift */ = {isa = PBXFileReference; lastKnownFileType = sourcecode.swift; path = NotificationsVM.swift; sourceTree = "<group>"; };
		FF4213F42FFF56870032C64C /* NotificationView.swift */ = {isa = PBXFileReference; lastKnownFileType = sourcecode.swift; path = NotificationView.swift; sourceTree = "<group>"; };
		FF4213F52FFF56870032C64C /* TopFadeMask.swift */ = {isa = PBXFileReference; lastKnownFileType = sourcecode.swift; path = TopFadeMask.swift; sourceTree = "<group>"; };
		FF4213F72FFF56870032C64C /* RoundButton.swift */ = {isa = PBXFileReference; lastKnownFileType = sourcecode.swift; path = RoundButton.swift; sourceTree = "<group>"; };
		FF4213F82FFF56870032C64C /* RoundButtonConfig.swift */ = {isa = PBXFileReference; lastKnownFileType = sourcecode.swift; path = RoundButtonConfig.swift; sourceTree = "<group>"; };
		FF4213F92FFF56870032C64C /* RoundButtonStyle.swift */ = {isa = PBXFileReference; lastKnownFileType = sourcecode.swift; path = RoundButtonStyle.swift; sourceTree = "<group>"; };
		FF4213FA2FFF56870032C64C /* RoundButtonStyleAccept.swift */ = {isa = PBXFileReference; lastKnownFileType = sourcecode.swift; path = RoundButtonStyleAccept.swift; sourceTree = "<group>"; };
		FF4213FB2FFF56870032C64C /* RoundButtonStyleCustom.swift */ = {isa = PBXFileReference; lastKnownFileType = sourcecode.swift; path = RoundButtonStyleCustom.swift; sourceTree = "<group>"; };
		FF4213FC2FFF56870032C64C /* RoundButtonStyledContent.swift */ = {isa = PBXFileReference; lastKnownFileType = sourcecode.swift; path = RoundButtonStyledContent.swift; sourceTree = "<group>"; };
		FF4213FD2FFF56870032C64C /* RoundButtonStyleMediaCapture.swift */ = {isa = PBXFileReference; lastKnownFileType = sourcecode.swift; path = RoundButtonStyleMediaCapture.swift; sourceTree = "<group>"; };
		FF4213FE2FFF56870032C64C /* RoundButtonStyleMediaSound.swift */ = {isa = PBXFileReference; lastKnownFileType = sourcecode.swift; path = RoundButtonStyleMediaSound.swift; sourceTree = "<group>"; };
		FF4213FF2FFF56870032C64C /* RoundButtonStyleReject.swift */ = {isa = PBXFileReference; lastKnownFileType = sourcecode.swift; path = RoundButtonStyleReject.swift; sourceTree = "<group>"; };
		FF4214012FFF56870032C64C /* GradientBackgroundView.swift */ = {isa = PBXFileReference; lastKnownFileType = sourcecode.swift; path = GradientBackgroundView.swift; sourceTree = "<group>"; };
		FF4214022FFF56870032C64C /* ImageAssets.xcassets */ = {isa = PBXFileReference; lastKnownFileType = folder.assetcatalog; path = ImageAssets.xcassets; sourceTree = "<group>"; };
		FF4214032FFF56870032C64C /* LDToggleStyle.swift */ = {isa = PBXFileReference; lastKnownFileType = sourcecode.swift; path = LDToggleStyle.swift; sourceTree = "<group>"; };
		FF4214042FFF56870032C64C /* PermissionIndicator.swift */ = {isa = PBXFileReference; lastKnownFileType = sourcecode.swift; path = PermissionIndicator.swift; sourceTree = "<group>"; };
		FF4214052FFF56870032C64C /* RoundedContainer.swift */ = {isa = PBXFileReference; lastKnownFileType = sourcecode.swift; path = RoundedContainer.swift; sourceTree = "<group>"; };
		FF4214072FFF56870032C64C /* ConferenceScreenCoordinator.swift */ = {isa = PBXFileReference; lastKnownFileType = sourcecode.swift; path = ConferenceScreenCoordinator.swift; sourceTree = "<group>"; };
		FF4214082FFF56870032C64C /* ConferenceSessionView.swift */ = {isa = PBXFileReference; lastKnownFileType = sourcecode.swift; path = ConferenceSessionView.swift; sourceTree = "<group>"; };
		FF4214092FFF56870032C64C /* ConferenceSessionVM.swift */ = {isa = PBXFileReference; lastKnownFileType = sourcecode.swift; path = ConferenceSessionVM.swift; sourceTree = "<group>"; };
		FF42140B2FFF56870032C64C /* ConferenceStartScreenView.swift */ = {isa = PBXFileReference; lastKnownFileType = sourcecode.swift; path = ConferenceStartScreenView.swift; sourceTree = "<group>"; };
		FF42140C2FFF56870032C64C /* ConferenceStartScreenVM.swift */ = {isa = PBXFileReference; lastKnownFileType = sourcecode.swift; path = ConferenceStartScreenVM.swift; sourceTree = "<group>"; };
		FF42140E2FFF56870032C64C /* RegisteredDevice.swift */ = {isa = PBXFileReference; lastKnownFileType = sourcecode.swift; path = RegisteredDevice.swift; sourceTree = "<group>"; };
		FF42140F2FFF56870032C64C /* TokenInvalidationReason.swift */ = {isa = PBXFileReference; lastKnownFileType = sourcecode.swift; path = TokenInvalidationReason.swift; sourceTree = "<group>"; };
		FF4214112FFF56870032C64C /* CRSAPIClient.swift */ = {isa = PBXFileReference; lastKnownFileType = sourcecode.swift; path = CRSAPIClient.swift; sourceTree = "<group>"; };
		FF4214122FFF56870032C64C /* CRSAPIEnvironment.swift */ = {isa = PBXFileReference; lastKnownFileType = sourcecode.swift; path = CRSAPIEnvironment.swift; sourceTree = "<group>"; };
		FF4214132FFF56870032C64C /* StockCRSAPIClient.swift */ = {isa = PBXFileReference; lastKnownFileType = sourcecode.swift; path = StockCRSAPIClient.swift; sourceTree = "<group>"; };
		FF4214152FFF56870032C64C /* FlowSelectionView.swift */ = {isa = PBXFileReference; lastKnownFileType = sourcecode.swift; path = FlowSelectionView.swift; sourceTree = "<group>"; };
		FF4214172FFF56870032C64C /* EmptyResult.swift */ = {isa = PBXFileReference; lastKnownFileType = sourcecode.swift; path = EmptyResult.swift; sourceTree = "<group>"; };
		FF4214182FFF56870032C64C /* MoodhoodParticipant.swift */ = {isa = PBXFileReference; lastKnownFileType = sourcecode.swift; path = MoodhoodParticipant.swift; sourceTree = "<group>"; };
		FF4214192FFF56870032C64C /* MoodhoodUserToken.swift */ = {isa = PBXFileReference; lastKnownFileType = sourcecode.swift; path = MoodhoodUserToken.swift; sourceTree = "<group>"; };
		FF42141A2FFF56870032C64C /* Room.swift */ = {isa = PBXFileReference; lastKnownFileType = sourcecode.swift; path = Room.swift; sourceTree = "<group>"; };
		FF42141B2FFF56870032C64C /* SignalingToken.swift */ = {isa = PBXFileReference; lastKnownFileType = sourcecode.swift; path = SignalingToken.swift; sourceTree = "<group>"; };
		FF42141D2FFF56870032C64C /* MoodhoodAPIClient.swift */ = {isa = PBXFileReference; lastKnownFileType = sourcecode.swift; path = MoodhoodAPIClient.swift; sourceTree = "<group>"; };
		FF42141E2FFF56870032C64C /* MoodhoodAPIEnvironment.swift */ = {isa = PBXFileReference; lastKnownFileType = sourcecode.swift; path = MoodhoodAPIEnvironment.swift; sourceTree = "<group>"; };
		FF42141F2FFF56870032C64C /* StockMoodhoodAPIClient.swift */ = {isa = PBXFileReference; lastKnownFileType = sourcecode.swift; path = StockMoodhoodAPIClient.swift; sourceTree = "<group>"; };
		FF4214212FFF56870032C64C /* CaptureDevicePermissionsManager.swift */ = {isa = PBXFileReference; lastKnownFileType = sourcecode.swift; path = CaptureDevicePermissionsManager.swift; sourceTree = "<group>"; };
		FF4214222FFF56870032C64C /* CaptureDeviceType.swift */ = {isa = PBXFileReference; lastKnownFileType = sourcecode.swift; path = CaptureDeviceType.swift; sourceTree = "<group>"; };
		FF4214232FFF56870032C64C /* PermissionState.swift */ = {isa = PBXFileReference; lastKnownFileType = sourcecode.swift; path = PermissionState.swift; sourceTree = "<group>"; };
		FF4214242FFF56870032C64C /* PushPermissionsManager.swift */ = {isa = PBXFileReference; lastKnownFileType = sourcecode.swift; path = PushPermissionsManager.swift; sourceTree = "<group>"; };
		FF4214252FFF56870032C64C /* StockCaptureDevicePermissionsManager.swift */ = {isa = PBXFileReference; lastKnownFileType = sourcecode.swift; path = StockCaptureDevicePermissionsManager.swift; sourceTree = "<group>"; };
		FF4214272FFF56870032C64C /* QRGenerator.swift */ = {isa = PBXFileReference; lastKnownFileType = sourcecode.swift; path = QRGenerator.swift; sourceTree = "<group>"; };
		FF4214282FFF56870032C64C /* StockQRGenerator.swift */ = {isa = PBXFileReference; lastKnownFileType = sourcecode.swift; path = StockQRGenerator.swift; sourceTree = "<group>"; };
		FF42142A2FFF56870032C64C /* AppConfig.swift */ = {isa = PBXFileReference; lastKnownFileType = sourcecode.swift; path = AppConfig.swift; sourceTree = "<group>"; };
		FF42142B2FFF56870032C64C /* AppConfig+StoredValue.swift */ = {isa = PBXFileReference; lastKnownFileType = sourcecode.swift; path = "AppConfig+StoredValue.swift"; sourceTree = "<group>"; };
		FF42142C2FFF56870032C64C /* CallDurationTimer.swift */ = {isa = PBXFileReference; lastKnownFileType = sourcecode.swift; path = CallDurationTimer.swift; sourceTree = "<group>"; };
		FF42142D2FFF56870032C64C /* Defaults.swift */ = {isa = PBXFileReference; lastKnownFileType = sourcecode.swift; path = Defaults.swift; sourceTree = "<group>"; };
		FF42142E2FFF56870032C64C /* Defaults+StoredValue.swift */ = {isa = PBXFileReference; lastKnownFileType = sourcecode.swift; path = "Defaults+StoredValue.swift"; sourceTree = "<group>"; };
		FF42142F2FFF56870032C64C /* DeviceEnvironment.swift */ = {isa = PBXFileReference; lastKnownFileType = sourcecode.swift; path = DeviceEnvironment.swift; sourceTree = "<group>"; };
		FF4214302FFF56870032C64C /* DeviceEnvironmentProvider.swift */ = {isa = PBXFileReference; lastKnownFileType = sourcecode.swift; path = DeviceEnvironmentProvider.swift; sourceTree = "<group>"; };
		FF4214312FFF56870032C64C /* Weak.swift */ = {isa = PBXFileReference; lastKnownFileType = sourcecode.swift; path = Weak.swift; sourceTree = "<group>"; };
		FF741AB72F8F53BC00C4C19C /* String+Localizable.swift */ = {isa = PBXFileReference; lastKnownFileType = sourcecode.swift; path = "String+Localizable.swift"; sourceTree = "<group>"; };
		FFF42C642F31DD5800AE3966 /* Info.plist */ = {isa = PBXFileReference; lastKnownFileType = text.plist.xml; path = Info.plist; sourceTree = "<group>"; };
		FFF42C652F31DD5800AE3966 /* LiveDigitalSDKExample.entitlements */ = {isa = PBXFileReference; lastKnownFileType = text.plist.entitlements; path = LiveDigitalSDKExample.entitlements; sourceTree = "<group>"; };
		FFF42C6E2F31DD5800AE3966 /* Images.xcassets */ = {isa = PBXFileReference; lastKnownFileType = folder.assetcatalog; path = Images.xcassets; sourceTree = "<group>"; };
		FFF42C6F2F31DD5800AE3966 /* Base */ = {isa = PBXFileReference; lastKnownFileType = file.xib; name = Base; path = Base.lproj/LaunchScreen.xib; sourceTree = "<group>"; };
/* End PBXFileReference section */

/* Begin PBXFrameworksBuildPhase section */
		607FACCD1AFB9204008FA782 /* Frameworks */ = {
			isa = PBXFrameworksBuildPhase;
			buildActionMask = 2147483647;
			files = (
				E4CD703675EF048165295137 /* Pods_LiveDigitalSDKExample.framework in Frameworks */,
				FF42148B2FFF56DB0032C64C /* JWTKit in Frameworks */,
			);
			runOnlyForDeploymentPostprocessing = 0;
		};
/* End PBXFrameworksBuildPhase section */

/* Begin PBXGroup section */
		607FACC71AFB9204008FA782 = {
			isa = PBXGroup;
			children = (
				607FACF51AFB993E008FA782 /* Podspec Metadata */,
				607FACD21AFB9204008FA782 /* Example for LiveDigitalSDK */,
				607FACD11AFB9204008FA782 /* Products */,
				D68739411DCDB29D8927A5D9 /* Pods */,
				88AB4F41780FBA2EEE023D27 /* Frameworks */,
			);
			sourceTree = "<group>";
		};
		607FACD11AFB9204008FA782 /* Products */ = {
			isa = PBXGroup;
			children = (
				607FACD01AFB9204008FA782 /* LiveDigitalSDKExample.app */,
			);
			name = Products;
			sourceTree = "<group>";
		};
		607FACD21AFB9204008FA782 /* Example for LiveDigitalSDK */ = {
			isa = PBXGroup;
			children = (
				FF4213CC2FFF56870032C64C /* APIClient */,
				FF4213D22FFF56870032C64C /* APNS */,
				FF4213D82FFF56870032C64C /* Application */,
				FF4213DE2FFF56870032C64C /* Calls */,
				FF4213E42FFF56870032C64C /* CallSessionScreen */,
				FF4213E72FFF56870032C64C /* CallStartScreen */,
				FF4214062FFF56870032C64C /* Components */,
				FF42140A2FFF56870032C64C /* ConferenceSessionScreen */,
				FF42140D2FFF56870032C64C /* ConferenceStartScreen */,
				FFF42C662F31DD5800AE3966 /* Config */,
				FF4214142FFF56870032C64C /* CRSAPI */,
				FF4214162FFF56870032C64C /* FlowSelection */,
				FF4214202FFF56870032C64C /* MoodhoodAPI */,
				FF4214262FFF56870032C64C /* Permissions */,
				FF4214292FFF56870032C64C /* QRCode */,
				FFF42C712F31DD5800AE3966 /* Resources */,
				FF4214322FFF56870032C64C /* Utils */,
			);
			name = "Example for LiveDigitalSDK";
			path = LiveDigitalSDK;
			sourceTree = "<group>";
		};
		607FACF51AFB993E008FA782 /* Podspec Metadata */ = {
			isa = PBXGroup;
			children = (
				2C502E7DD78D26F95CCDE30D /* LiveDigitalSDK.podspec */,
				7A00D70263FC4BD91D4F586D /* LICENSE */,
			);
			name = "Podspec Metadata";
			sourceTree = "<group>";
		};
		88AB4F41780FBA2EEE023D27 /* Frameworks */ = {
			isa = PBXGroup;
			children = (
				1D970F2F152FCB07F1758161 /* Pods_LiveDigitalSDKExample.framework */,
				78EA401149B94AA7EBFB46CF /* Pods_LiveDigitalSDKExample_Tests.framework */,
			);
			name = Frameworks;
			sourceTree = "<group>";
		};
		D68739411DCDB29D8927A5D9 /* Pods */ = {
			isa = PBXGroup;
			children = (
				2574E4B00DCF2048FD577652 /* Pods-LiveDigitalSDKExample.debug.xcconfig */,
				27E513552BC84B561A588B2D /* Pods-LiveDigitalSDKExample.release.xcconfig */,
				0A495EE11C6F9A63FC91E73F /* Pods-LiveDigitalSDKExample_Tests.debug.xcconfig */,
				0DF190EA7B43B1E668736D27 /* Pods-LiveDigitalSDKExample_Tests.release.xcconfig */,
			);
			path = Pods;
			sourceTree = "<group>";
		};
		FF4213CC2FFF56870032C64C /* APIClient */ = {
			isa = PBXGroup;
			children = (
				FF4213C82FFF56870032C64C /* APIClient.swift */,
				FF4213C92FFF56870032C64C /* APIClientError.swift */,
				FF4213CA2FFF56870032C64C /* CurlRequestPrinter.swift */,
				FF4213CB2FFF56870032C64C /* StockAPIClient.swift */,
			);
			path = APIClient;
			sourceTree = "<group>";
		};
		FF4213D22FFF56870032C64C /* APNS */ = {
			isa = PBXGroup;
			children = (
				FF4213CD2FFF56870032C64C /* AccountManager.swift */,
				FF4213CE2FFF56870032C64C /* APNSEnvironment.swift */,
				FF4213CF2FFF56870032C64C /* APNSTokenProvider.swift */,
				FF4213D02FFF56870032C64C /* CallPushAction.swift */,
				FF4213D12FFF56870032C64C /* FakeAccountManager.swift */,
			);
			path = APNS;
			sourceTree = "<group>";
		};
		FF4213D82FFF56870032C64C /* Application */ = {
			isa = PBXGroup;
			children = (
				FF4213D32FFF56870032C64C /* AppDelegate.swift */,
				FF4213D42FFF56870032C64C /* AppWorkflow.swift */,
				FF4213D52FFF56870032C64C /* CallFlowCoordinator.swift */,
				FF4213D62FFF56870032C64C /* ConferenceFlowCoordinator.swift */,
				FF4213D72FFF56870032C64C /* SceneDelegate.swift */,
			);
			path = Application;
			sourceTree = "<group>";
		};
		FF4213DE2FFF56870032C64C /* Calls */ = {
			isa = PBXGroup;
			children = (
				FF4213D92FFF56870032C64C /* Call.swift */,
				FF4213DA2FFF56870032C64C /* CallManager.swift */,
				FF4213DB2FFF56870032C64C /* CallManagerObserver.swift */,
				FF4213DC2FFF56870032C64C /* OutboundCallTokenPayload.swift */,
				FF4213DD2FFF56870032C64C /* StockCallManager.swift */,
			);
			path = Calls;
			sourceTree = "<group>";
		};
		FF4213E42FFF56870032C64C /* CallSessionScreen */ = {
			isa = PBXGroup;
			children = (
				FF4213DF2FFF56870032C64C /* AudioCallView.swift */,
				FF4213E02FFF56870032C64C /* AudioCallVM.swift */,
				FF4213E12FFF56870032C64C /* CallScreenCoordinator.swift */,
				FF4213E22FFF56870032C64C /* CallSessionStatus.swift */,
				FF4213E32FFF56870032C64C /* SessionView.swift */,
			);
			path = CallSessionScreen;
			sourceTree = "<group>";
		};
		FF4213E72FFF56870032C64C /* CallStartScreen */ = {
			isa = PBXGroup;
			children = (
				FF4213E52FFF56870032C64C /* CallStartScreenView.swift */,
				FF4213E62FFF56870032C64C /* CallStartScreenVM.swift */,
			);
			path = CallStartScreen;
			sourceTree = "<group>";
		};
		FF4213EA2FFF56870032C64C /* Colors */ = {
			isa = PBXGroup;
			children = (
				FF4213E82FFF56870032C64C /* AssetColor.swift */,
				FF4213E92FFF56870032C64C /* ColorAssets.xcassets */,
			);
			path = Colors;
			sourceTree = "<group>";
		};
		FF4213F02FFF56870032C64C /* Fonts */ = {
			isa = PBXGroup;
			children = (
				FF4213EB2FFF56870032C64C /* AssetFont.swift */,
				FF4213EC2FFF56870032C64C /* PTRootUI-Bold.ttf */,
				FF4213ED2FFF56870032C64C /* PTRootUI-Light.ttf */,
				FF4213EE2FFF56870032C64C /* PTRootUI-Medium.ttf */,
				FF4213EF2FFF56870032C64C /* PTRootUI-Regular.ttf */,
			);
			path = Fonts;
			sourceTree = "<group>";
		};
		FF4213F62FFF56870032C64C /* NotificationsStack */ = {
			isa = PBXGroup;
			children = (
				FF4213F12FFF56870032C64C /* NotificationContent.swift */,
				FF4213F22FFF56870032C64C /* NotificationsStack.swift */,
				FF4213F32FFF56870032C64C /* NotificationsVM.swift */,
				FF4213F42FFF56870032C64C /* NotificationView.swift */,
				FF4213F52FFF56870032C64C /* TopFadeMask.swift */,
			);
			path = NotificationsStack;
			sourceTree = "<group>";
		};
		FF4214002FFF56870032C64C /* RoundButton */ = {
			isa = PBXGroup;
			children = (
				FF4213F72FFF56870032C64C /* RoundButton.swift */,
				FF4213F82FFF56870032C64C /* RoundButtonConfig.swift */,
				FF4213F92FFF56870032C64C /* RoundButtonStyle.swift */,
				FF4213FA2FFF56870032C64C /* RoundButtonStyleAccept.swift */,
				FF4213FB2FFF56870032C64C /* RoundButtonStyleCustom.swift */,
				FF4213FC2FFF56870032C64C /* RoundButtonStyledContent.swift */,
				FF4213FD2FFF56870032C64C /* RoundButtonStyleMediaCapture.swift */,
				FF4213FE2FFF56870032C64C /* RoundButtonStyleMediaSound.swift */,
				FF4213FF2FFF56870032C64C /* RoundButtonStyleReject.swift */,
			);
			path = RoundButton;
			sourceTree = "<group>";
		};
		FF4214062FFF56870032C64C /* Components */ = {
			isa = PBXGroup;
			children = (
				FF4213EA2FFF56870032C64C /* Colors */,
				FF4213F02FFF56870032C64C /* Fonts */,
				FF4213F62FFF56870032C64C /* NotificationsStack */,
				FF4214002FFF56870032C64C /* RoundButton */,
				FF4214012FFF56870032C64C /* GradientBackgroundView.swift */,
				FF4214022FFF56870032C64C /* ImageAssets.xcassets */,
				FF4214032FFF56870032C64C /* LDToggleStyle.swift */,
				FF4214042FFF56870032C64C /* PermissionIndicator.swift */,
				FF4214052FFF56870032C64C /* RoundedContainer.swift */,
			);
			path = Components;
			sourceTree = "<group>";
		};
		FF42140A2FFF56870032C64C /* ConferenceSessionScreen */ = {
			isa = PBXGroup;
			children = (
				FF4214072FFF56870032C64C /* ConferenceScreenCoordinator.swift */,
				FF4214082FFF56870032C64C /* ConferenceSessionView.swift */,
				FF4214092FFF56870032C64C /* ConferenceSessionVM.swift */,
			);
			path = ConferenceSessionScreen;
			sourceTree = "<group>";
		};
		FF42140D2FFF56870032C64C /* ConferenceStartScreen */ = {
			isa = PBXGroup;
			children = (
				FF42140B2FFF56870032C64C /* ConferenceStartScreenView.swift */,
				FF42140C2FFF56870032C64C /* ConferenceStartScreenVM.swift */,
			);
			path = ConferenceStartScreen;
			sourceTree = "<group>";
		};
		FF4214102FFF56870032C64C /* Models */ = {
			isa = PBXGroup;
			children = (
				FF42140E2FFF56870032C64C /* RegisteredDevice.swift */,
				FF42140F2FFF56870032C64C /* TokenInvalidationReason.swift */,
			);
			path = Models;
			sourceTree = "<group>";
		};
		FF4214142FFF56870032C64C /* CRSAPI */ = {
			isa = PBXGroup;
			children = (
				FF4214102FFF56870032C64C /* Models */,
				FF4214112FFF56870032C64C /* CRSAPIClient.swift */,
				FF4214122FFF56870032C64C /* CRSAPIEnvironment.swift */,
				FF4214132FFF56870032C64C /* StockCRSAPIClient.swift */,
			);
			path = CRSAPI;
			sourceTree = "<group>";
		};
		FF4214162FFF56870032C64C /* FlowSelection */ = {
			isa = PBXGroup;
			children = (
				FF4214152FFF56870032C64C /* FlowSelectionView.swift */,
			);
			path = FlowSelection;
			sourceTree = "<group>";
		};
		FF42141C2FFF56870032C64C /* Models */ = {
			isa = PBXGroup;
			children = (
				FF4214172FFF56870032C64C /* EmptyResult.swift */,
				FF4214182FFF56870032C64C /* MoodhoodParticipant.swift */,
				FF4214192FFF56870032C64C /* MoodhoodUserToken.swift */,
				FF42141A2FFF56870032C64C /* Room.swift */,
				FF42141B2FFF56870032C64C /* SignalingToken.swift */,
			);
			path = Models;
			sourceTree = "<group>";
		};
		FF4214202FFF56870032C64C /* MoodhoodAPI */ = {
			isa = PBXGroup;
			children = (
				FF42141C2FFF56870032C64C /* Models */,
				FF42141D2FFF56870032C64C /* MoodhoodAPIClient.swift */,
				FF42141E2FFF56870032C64C /* MoodhoodAPIEnvironment.swift */,
				FF42141F2FFF56870032C64C /* StockMoodhoodAPIClient.swift */,
			);
			path = MoodhoodAPI;
			sourceTree = "<group>";
		};
		FF4214262FFF56870032C64C /* Permissions */ = {
			isa = PBXGroup;
			children = (
				FF4214212FFF56870032C64C /* CaptureDevicePermissionsManager.swift */,
				FF4214222FFF56870032C64C /* CaptureDeviceType.swift */,
				FF4214232FFF56870032C64C /* PermissionState.swift */,
				FF4214242FFF56870032C64C /* PushPermissionsManager.swift */,
				FF4214252FFF56870032C64C /* StockCaptureDevicePermissionsManager.swift */,
			);
			path = Permissions;
			sourceTree = "<group>";
		};
		FF4214292FFF56870032C64C /* QRCode */ = {
			isa = PBXGroup;
			children = (
				FF4214272FFF56870032C64C /* QRGenerator.swift */,
				FF4214282FFF56870032C64C /* StockQRGenerator.swift */,
			);
			path = QRCode;
			sourceTree = "<group>";
		};
		FF4214322FFF56870032C64C /* Utils */ = {
			isa = PBXGroup;
			children = (
				FF42142A2FFF56870032C64C /* AppConfig.swift */,
				FF42142B2FFF56870032C64C /* AppConfig+StoredValue.swift */,
				FF42142C2FFF56870032C64C /* CallDurationTimer.swift */,
				FF42142D2FFF56870032C64C /* Defaults.swift */,
				FF42142E2FFF56870032C64C /* Defaults+StoredValue.swift */,
				FF42142F2FFF56870032C64C /* DeviceEnvironment.swift */,
				FF4214302FFF56870032C64C /* DeviceEnvironmentProvider.swift */,
				FF4214312FFF56870032C64C /* Weak.swift */,
			);
			path = Utils;
			sourceTree = "<group>";
		};
		FFF42C662F31DD5800AE3966 /* Config */ = {
			isa = PBXGroup;
			children = (
				FFF42C642F31DD5800AE3966 /* Info.plist */,
				FFF42C652F31DD5800AE3966 /* LiveDigitalSDKExample.entitlements */,
			);
			path = Config;
			sourceTree = "<group>";
		};
		FFF42C712F31DD5800AE3966 /* Resources */ = {
			isa = PBXGroup;
			children = (
				FFF42C6E2F31DD5800AE3966 /* Images.xcassets */,
				FFF42C702F31DD5800AE3966 /* LaunchScreen.xib */,
				FF27FF542F8603B900634930 /* Localizable.xcstrings */,
				FF741AB72F8F53BC00C4C19C /* String+Localizable.swift */,
			);
			path = Resources;
			sourceTree = "<group>";
		};
/* End PBXGroup section */

/* Begin PBXNativeTarget section */
		607FACCF1AFB9204008FA782 /* LiveDigitalSDKExample */ = {
			isa = PBXNativeTarget;
			buildConfigurationList = 607FACEF1AFB9204008FA782 /* Build configuration list for PBXNativeTarget "LiveDigitalSDKExample" */;
			buildPhases = (
				C6089431EA914F9C90D65E45 /* [CP] Check Pods Manifest.lock */,
				607FACCC1AFB9204008FA782 /* Sources */,
				607FACCD1AFB9204008FA782 /* Frameworks */,
				607FACCE1AFB9204008FA782 /* Resources */,
				34B8FF6A2CC70F83F9C1D9D8 /* [CP] Embed Pods Frameworks */,
			);
			buildRules = (
			);
			dependencies = (
			);
			name = LiveDigitalSDKExample;
			productName = LiveDigitalSDK;
			productReference = 607FACD01AFB9204008FA782 /* LiveDigitalSDKExample.app */;
			productType = "com.apple.product-type.application";
		};
/* End PBXNativeTarget section */

/* Begin PBXProject section */
		607FACC81AFB9204008FA782 /* Project object */ = {
			isa = PBXProject;
			attributes = {
				LastSwiftUpdateCheck = 0830;
				LastUpgradeCheck = 0830;
				ORGANIZATIONNAME = VLProjects;
				TargetAttributes = {
					607FACCF1AFB9204008FA782 = {
						CreatedOnToolsVersion = 6.3.1;
						LastSwiftMigration = 0900;
					};
				};
			};
			buildConfigurationList = 607FACCB1AFB9204008FA782 /* Build configuration list for PBXProject "CP_Example" */;
			compatibilityVersion = "Xcode 12.0";
			developmentRegion = English;
			hasScannedForEncodings = 0;
			knownRegions = (
				English,
				en,
				Base,
				ru,
			);
			mainGroup = 607FACC71AFB9204008FA782;
			packageReferences = (
				FF4214892FFF56DB0032C64C /* XCRemoteSwiftPackageReference "jwt-kit" */,
			);
			productRefGroup = 607FACD11AFB9204008FA782 /* Products */;
			projectDirPath = "";
			projectRoot = "";
			targets = (
				607FACCF1AFB9204008FA782 /* LiveDigitalSDKExample */,
			);
		};
/* End PBXProject section */

/* Begin PBXResourcesBuildPhase section */
		607FACCE1AFB9204008FA782 /* Resources */ = {
			isa = PBXResourcesBuildPhase;
			buildActionMask = 2147483647;
			files = (
				FF27FF552F8603B900634930 /* Localizable.xcstrings in Resources */,
				FFF42C7B2F31DD5800AE3966 /* Images.xcassets in Resources */,
				FF4214832FFF56870032C64C /* PTRootUI-Light.ttf in Resources */,
				FF4214842FFF56870032C64C /* PTRootUI-Regular.ttf in Resources */,
				FF4214852FFF56870032C64C /* PTRootUI-Medium.ttf in Resources */,
				FF4214862FFF56870032C64C /* PTRootUI-Bold.ttf in Resources */,
				FF4214872FFF56870032C64C /* ImageAssets.xcassets in Resources */,
				FF4214882FFF56870032C64C /* ColorAssets.xcassets in Resources */,
				FFF42C7C2F31DD5800AE3966 /* LaunchScreen.xib in Resources */,
			);
			runOnlyForDeploymentPostprocessing = 0;
		};
/* End PBXResourcesBuildPhase section */

/* Begin PBXShellScriptBuildPhase section */
		34B8FF6A2CC70F83F9C1D9D8 /* [CP] Embed Pods Frameworks */ = {
			isa = PBXShellScriptBuildPhase;
			buildActionMask = 2147483647;
			files = (
			);
			inputFileListPaths = (
				"${PODS_ROOT}/Target Support Files/Pods-LiveDigitalSDKExample/Pods-LiveDigitalSDKExample-frameworks-${CONFIGURATION}-input-files.xcfilelist",
			);
			inputPaths = (
			);
			name = "[CP] Embed Pods Frameworks";
			outputFileListPaths = (
				"${PODS_ROOT}/Target Support Files/Pods-LiveDigitalSDKExample/Pods-LiveDigitalSDKExample-frameworks-${CONFIGURATION}-output-files.xcfilelist",
			);
			outputPaths = (
			);
			runOnlyForDeploymentPostprocessing = 0;
			shellPath = /bin/sh;
			shellScript = "\"${PODS_ROOT}/Target Support Files/Pods-LiveDigitalSDKExample/Pods-LiveDigitalSDKExample-frameworks.sh\"\n";
			showEnvVarsInLog = 0;
		};
		C6089431EA914F9C90D65E45 /* [CP] Check Pods Manifest.lock */ = {
			isa = PBXShellScriptBuildPhase;
			buildActionMask = 2147483647;
			files = (
			);
			inputFileListPaths = (
			);
			inputPaths = (
				"${PODS_PODFILE_DIR_PATH}/Podfile.lock",
				"${PODS_ROOT}/Manifest.lock",
			);
			name = "[CP] Check Pods Manifest.lock";
			outputFileListPaths = (
			);
			outputPaths = (
				"$(DERIVED_FILE_DIR)/Pods-LiveDigitalSDKExample-checkManifestLockResult.txt",
			);
			runOnlyForDeploymentPostprocessing = 0;
			shellPath = /bin/sh;
			shellScript = "diff \"${PODS_PODFILE_DIR_PATH}/Podfile.lock\" \"${PODS_ROOT}/Manifest.lock\" > /dev/null\nif [ $? != 0 ] ; then\n    # print error to STDERR\n    echo \"error: The sandbox is not in sync with the Podfile.lock. Run 'pod install' or update your CocoaPods installation.\" >&2\n    exit 1\nfi\n# This output is used by Xcode 'outputs' to avoid re-running this script phase.\necho \"SUCCESS\" > \"${SCRIPT_OUTPUT_FILE_0}\"\n";
			showEnvVarsInLog = 0;
		};
/* End PBXShellScriptBuildPhase section */

/* Begin PBXSourcesBuildPhase section */
		607FACCC1AFB9204008FA782 /* Sources */ = {
			isa = PBXSourcesBuildPhase;
			buildActionMask = 2147483647;
			files = (
				FF4214332FFF56870032C64C /* Defaults+StoredValue.swift in Sources */,
				FF4214342FFF56870032C64C /* StockMoodhoodAPIClient.swift in Sources */,
				FF4214352FFF56870032C64C /* CurlRequestPrinter.swift in Sources */,
				FF4214362FFF56870032C64C /* NotificationsStack.swift in Sources */,
				FF4214372FFF56870032C64C /* AccountManager.swift in Sources */,
				FF4214382FFF56870032C64C /* RoundButtonStyleMediaSound.swift in Sources */,
				FF4214392FFF56870032C64C /* PushPermissionsManager.swift in Sources */,
				FF42143A2FFF56870032C64C /* MoodhoodParticipant.swift in Sources */,
				FF42143B2FFF56870032C64C /* MoodhoodAPIEnvironment.swift in Sources */,
				FF42143C2FFF56870032C64C /* CallStartScreenVM.swift in Sources */,
				FF42143D2FFF56870032C64C /* APIClientError.swift in Sources */,
				FF42143E2FFF56870032C64C /* AudioCallVM.swift in Sources */,
				FF42143F2FFF56870032C64C /* EmptyResult.swift in Sources */,
				FF4214402FFF56870032C64C /* RoundButtonStyleReject.swift in Sources */,
				FF4214412FFF56870032C64C /* Defaults.swift in Sources */,
				FF4214422FFF56870032C64C /* PermissionIndicator.swift in Sources */,
				FF4214432FFF56870032C64C /* RoundButtonStyle.swift in Sources */,
				FF4214442FFF56870032C64C /* MoodhoodAPIClient.swift in Sources */,
				FF4214452FFF56870032C64C /* SessionView.swift in Sources */,
				FF4214462FFF56870032C64C /* StockCRSAPIClient.swift in Sources */,
				FF4214472FFF56870032C64C /* CallFlowCoordinator.swift in Sources */,
				FF4214482FFF56870032C64C /* CaptureDevicePermissionsManager.swift in Sources */,
				FF4214492FFF56870032C64C /* CallManagerObserver.swift in Sources */,
				FF42144A2FFF56870032C64C /* AssetColor.swift in Sources */,
				FF42144B2FFF56870032C64C /* RoundButtonStyleCustom.swift in Sources */,
				FF42144C2FFF56870032C64C /* SignalingToken.swift in Sources */,
				FF42144D2FFF56870032C64C /* CRSAPIEnvironment.swift in Sources */,
				FF42144E2FFF56870032C64C /* FakeAccountManager.swift in Sources */,
				FF42144F2FFF56870032C64C /* RoundButtonConfig.swift in Sources */,
				FF4214502FFF56870032C64C /* AppDelegate.swift in Sources */,
				FF4214512FFF56870032C64C /* NotificationView.swift in Sources */,
				FF4214522FFF56870032C64C /* QRGenerator.swift in Sources */,
				FF4214532FFF56870032C64C /* ConferenceSessionVM.swift in Sources */,
				FF4214542FFF56870032C64C /* ConferenceStartScreenVM.swift in Sources */,
				FF4214552FFF56870032C64C /* RoundButtonStyleAccept.swift in Sources */,
				FF4214562FFF56870032C64C /* APNSTokenProvider.swift in Sources */,
				FF4214572FFF56870032C64C /* CallManager.swift in Sources */,
				FF4214582FFF56870032C64C /* AudioCallView.swift in Sources */,
				FF4214592FFF56870032C64C /* StockCallManager.swift in Sources */,
				FF42145A2FFF56870032C64C /* RegisteredDevice.swift in Sources */,
				FF42145B2FFF56870032C64C /* ConferenceStartScreenView.swift in Sources */,
				FF42145C2FFF56870032C64C /* PermissionState.swift in Sources */,
				FF42145D2FFF56870032C64C /* FlowSelectionView.swift in Sources */,
				FF42145E2FFF56870032C64C /* AppConfig.swift in Sources */,
				FF42145F2FFF56870032C64C /* CaptureDeviceType.swift in Sources */,
				FF4214602FFF56870032C64C /* CallStartScreenView.swift in Sources */,
				FF4214612FFF56870032C64C /* StockCaptureDevicePermissionsManager.swift in Sources */,
				FF4214622FFF56870032C64C /* StockAPIClient.swift in Sources */,
				FF4214632FFF56870032C64C /* Weak.swift in Sources */,
				FF4214642FFF56870032C64C /* AssetFont.swift in Sources */,
				FF4214652FFF56870032C64C /* ConferenceFlowCoordinator.swift in Sources */,
				FF4214662FFF56870032C64C /* NotificationsVM.swift in Sources */,
				FF4214672FFF56870032C64C /* MoodhoodUserToken.swift in Sources */,
				FF4214682FFF56870032C64C /* CallSessionStatus.swift in Sources */,
				FF4214692FFF56870032C64C /* TokenInvalidationReason.swift in Sources */,
				FF42146A2FFF56870032C64C /* RoundButtonStyledContent.swift in Sources */,
				FF42146B2FFF56870032C64C /* ConferenceSessionView.swift in Sources */,
				FF42146C2FFF56870032C64C /* StockQRGenerator.swift in Sources */,
				FF42146D2FFF56870032C64C /* TopFadeMask.swift in Sources */,
				FF42146E2FFF56870032C64C /* AppConfig+StoredValue.swift in Sources */,
				FF42146F2FFF56870032C64C /* CallPushAction.swift in Sources */,
				FF4214702FFF56870032C64C /* OutboundCallTokenPayload.swift in Sources */,
				FF4214712FFF56870032C64C /* APNSEnvironment.swift in Sources */,
				FF4214722FFF56870032C64C /* LDToggleStyle.swift in Sources */,
				FF4214732FFF56870032C64C /* CallDurationTimer.swift in Sources */,
				FF4214742FFF56870032C64C /* APIClient.swift in Sources */,
				FF4214752FFF56870032C64C /* Call.swift in Sources */,
				FF4214762FFF56870032C64C /* RoundButtonStyleMediaCapture.swift in Sources */,
				FF4214772FFF56870032C64C /* ConferenceScreenCoordinator.swift in Sources */,
				FF4214782FFF56870032C64C /* GradientBackgroundView.swift in Sources */,
				FF4214792FFF56870032C64C /* RoundButton.swift in Sources */,
				FF42147A2FFF56870032C64C /* DeviceEnvironment.swift in Sources */,
				FF42147B2FFF56870032C64C /* Room.swift in Sources */,
				FF42147C2FFF56870032C64C /* DeviceEnvironmentProvider.swift in Sources */,
				FF42147D2FFF56870032C64C /* NotificationContent.swift in Sources */,
				FF42147E2FFF56870032C64C /* AppWorkflow.swift in Sources */,
				FF42147F2FFF56870032C64C /* RoundedContainer.swift in Sources */,
				FF4214802FFF56870032C64C /* SceneDelegate.swift in Sources */,
				FF4214812FFF56870032C64C /* CRSAPIClient.swift in Sources */,
				FF4214822FFF56870032C64C /* CallScreenCoordinator.swift in Sources */,
				FF741AB82F8F53C200C4C19C /* String+Localizable.swift in Sources */,
			);
			runOnlyForDeploymentPostprocessing = 0;
		};
/* End PBXSourcesBuildPhase section */

/* Begin PBXVariantGroup section */
		FFF42C702F31DD5800AE3966 /* LaunchScreen.xib */ = {
			isa = PBXVariantGroup;
			children = (
				FFF42C6F2F31DD5800AE3966 /* Base */,
			);
			name = LaunchScreen.xib;
			sourceTree = "<group>";
		};
/* End PBXVariantGroup section */

/* Begin XCBuildConfiguration section */
		607FACED1AFB9204008FA782 /* Debug */ = {
			isa = XCBuildConfiguration;
			buildSettings = {
				ALWAYS_SEARCH_USER_PATHS = NO;
				CLANG_CXX_LANGUAGE_STANDARD = "gnu++0x";
				CLANG_CXX_LIBRARY = "libc++";
				CLANG_ENABLE_MODULES = YES;
				CLANG_ENABLE_OBJC_ARC = YES;
				CLANG_WARN_BLOCK_CAPTURE_AUTORELEASING = YES;
				CLANG_WARN_BOOL_CONVERSION = YES;
				CLANG_WARN_COMMA = YES;
				CLANG_WARN_CONSTANT_CONVERSION = YES;
				CLANG_WARN_DIRECT_OBJC_ISA_USAGE = YES_ERROR;
				CLANG_WARN_EMPTY_BODY = YES;
				CLANG_WARN_ENUM_CONVERSION = YES;
				CLANG_WARN_INFINITE_RECURSION = YES;
				CLANG_WARN_INT_CONVERSION = YES;
				CLANG_WARN_NON_LITERAL_NULL_CONVERSION = YES;
				CLANG_WARN_OBJC_LITERAL_CONVERSION = YES;
				CLANG_WARN_OBJC_ROOT_CLASS = YES_ERROR;
				CLANG_WARN_RANGE_LOOP_ANALYSIS = YES;
				CLANG_WARN_STRICT_PROTOTYPES = YES;
				CLANG_WARN_SUSPICIOUS_MOVE = YES;
				CLANG_WARN_UNREACHABLE_CODE = YES;
				CLANG_WARN__DUPLICATE_METHOD_MATCH = YES;
				"CODE_SIGN_IDENTITY[sdk=iphoneos*]" = "iPhone Developer";
				COPY_PHASE_STRIP = NO;
				DEBUG_INFORMATION_FORMAT = "dwarf-with-dsym";
				ENABLE_STRICT_OBJC_MSGSEND = YES;
				ENABLE_TESTABILITY = YES;
				GCC_C_LANGUAGE_STANDARD = gnu99;
				GCC_DYNAMIC_NO_PIC = NO;
				GCC_NO_COMMON_BLOCKS = YES;
				GCC_OPTIMIZATION_LEVEL = 0;
				GCC_PREPROCESSOR_DEFINITIONS = (
					"DEBUG=1",
					"$(inherited)",
				);
				GCC_SYMBOLS_PRIVATE_EXTERN = NO;
				GCC_WARN_64_TO_32_BIT_CONVERSION = YES;
				GCC_WARN_ABOUT_RETURN_TYPE = YES_ERROR;
				GCC_WARN_UNDECLARED_SELECTOR = YES;
				GCC_WARN_UNINITIALIZED_AUTOS = YES_AGGRESSIVE;
				GCC_WARN_UNUSED_FUNCTION = YES;
				GCC_WARN_UNUSED_VARIABLE = YES;
				IPHONEOS_DEPLOYMENT_TARGET = 14.1;
				MTL_ENABLE_DEBUG_INFO = YES;
				ONLY_ACTIVE_ARCH = YES;
				SDKROOT = iphoneos;
				SWIFT_EMIT_LOC_STRINGS = YES;
				SWIFT_OPTIMIZATION_LEVEL = "-Onone";
				SWIFT_VERSION = 5.0;
			};
			name = Debug;
		};
		607FACEE1AFB9204008FA782 /* Release */ = {
			isa = XCBuildConfiguration;
			buildSettings = {
				ALWAYS_SEARCH_USER_PATHS = NO;
				CLANG_CXX_LANGUAGE_STANDARD = "gnu++0x";
				CLANG_CXX_LIBRARY = "libc++";
				CLANG_ENABLE_MODULES = YES;
				CLANG_ENABLE_OBJC_ARC = YES;
				CLANG_WARN_BLOCK_CAPTURE_AUTORELEASING = YES;
				CLANG_WARN_BOOL_CONVERSION = YES;
				CLANG_WARN_COMMA = YES;
				CLANG_WARN_CONSTANT_CONVERSION = YES;
				CLANG_WARN_DIRECT_OBJC_ISA_USAGE = YES_ERROR;
				CLANG_WARN_EMPTY_BODY = YES;
				CLANG_WARN_ENUM_CONVERSION = YES;
				CLANG_WARN_INFINITE_RECURSION = YES;
				CLANG_WARN_INT_CONVERSION = YES;
				CLANG_WARN_NON_LITERAL_NULL_CONVERSION = YES;
				CLANG_WARN_OBJC_LITERAL_CONVERSION = YES;
				CLANG_WARN_OBJC_ROOT_CLASS = YES_ERROR;
				CLANG_WARN_RANGE_LOOP_ANALYSIS = YES;
				CLANG_WARN_STRICT_PROTOTYPES = YES;
				CLANG_WARN_SUSPICIOUS_MOVE = YES;
				CLANG_WARN_UNREACHABLE_CODE = YES;
				CLANG_WARN__DUPLICATE_METHOD_MATCH = YES;
				"CODE_SIGN_IDENTITY[sdk=iphoneos*]" = "iPhone Developer";
				COPY_PHASE_STRIP = NO;
				DEBUG_INFORMATION_FORMAT = "dwarf-with-dsym";
				ENABLE_NS_ASSERTIONS = NO;
				ENABLE_STRICT_OBJC_MSGSEND = YES;
				GCC_C_LANGUAGE_STANDARD = gnu99;
				GCC_NO_COMMON_BLOCKS = YES;
				GCC_WARN_64_TO_32_BIT_CONVERSION = YES;
				GCC_WARN_ABOUT_RETURN_TYPE = YES_ERROR;
				GCC_WARN_UNDECLARED_SELECTOR = YES;
				GCC_WARN_UNINITIALIZED_AUTOS = YES_AGGRESSIVE;
				GCC_WARN_UNUSED_FUNCTION = YES;
				GCC_WARN_UNUSED_VARIABLE = YES;
				IPHONEOS_DEPLOYMENT_TARGET = 14.1;
				MTL_ENABLE_DEBUG_INFO = NO;
				SDKROOT = iphoneos;
				SWIFT_COMPILATION_MODE = wholemodule;
				SWIFT_EMIT_LOC_STRINGS = YES;
				SWIFT_OPTIMIZATION_LEVEL = "-O";
				SWIFT_VERSION = 5.0;
				VALIDATE_PRODUCT = YES;
			};
			name = Release;
		};
		607FACF01AFB9204008FA782 /* Debug */ = {
			isa = XCBuildConfiguration;
			baseConfigurationReference = 2574E4B00DCF2048FD577652 /* Pods-LiveDigitalSDKExample.debug.xcconfig */;
			buildSettings = {
				ASSETCATALOG_COMPILER_APPICON_NAME = AppIcon;
				CODE_SIGN_ENTITLEMENTS = LiveDigitalSDK/Config/LiveDigitalSDKExample.entitlements;
				DEVELOPMENT_TEAM = ZZ67H72W73;
				ENABLE_BITCODE = NO;
				INFOPLIST_FILE = LiveDigitalSDK/Config/Info.plist;
				IPHONEOS_DEPLOYMENT_TARGET = 15.0;
				LD_RUNPATH_SEARCH_PATHS = (
					"$(inherited)",
					"@executable_path/Frameworks",
				);
				MODULE_NAME = ExampleApp;
				PRODUCT_BUNDLE_IDENTIFIER = "pro.vlprojects.livedigital-sdk-example";
				PRODUCT_NAME = "$(TARGET_NAME)";
				STRING_CATALOG_GENERATE_SYMBOLS = YES;
				SWIFT_SWIFT3_OBJC_INFERENCE = Default;
			};
			name = Debug;
		};
		607FACF11AFB9204008FA782 /* Release */ = {
			isa = XCBuildConfiguration;
			baseConfigurationReference = 27E513552BC84B561A588B2D /* Pods-LiveDigitalSDKExample.release.xcconfig */;
			buildSettings = {
				ASSETCATALOG_COMPILER_APPICON_NAME = AppIcon;
				CODE_SIGN_ENTITLEMENTS = LiveDigitalSDK/Config/LiveDigitalSDKExample.entitlements;
				DEVELOPMENT_TEAM = ZZ67H72W73;
				ENABLE_BITCODE = NO;
				INFOPLIST_FILE = LiveDigitalSDK/Config/Info.plist;
				IPHONEOS_DEPLOYMENT_TARGET = 15.0;
				LD_RUNPATH_SEARCH_PATHS = (
					"$(inherited)",
					"@executable_path/Frameworks",
				);
				MODULE_NAME = ExampleApp;
				PRODUCT_BUNDLE_IDENTIFIER = "pro.vlprojects.livedigital-sdk-example";
				PRODUCT_NAME = "$(TARGET_NAME)";
				STRING_CATALOG_GENERATE_SYMBOLS = YES;
				SWIFT_SWIFT3_OBJC_INFERENCE = Default;
			};
			name = Release;
		};
/* End XCBuildConfiguration section */

/* Begin XCConfigurationList section */
		607FACCB1AFB9204008FA782 /* Build configuration list for PBXProject "CP_Example" */ = {
			isa = XCConfigurationList;
			buildConfigurations = (
				607FACED1AFB9204008FA782 /* Debug */,
				607FACEE1AFB9204008FA782 /* Release */,
			);
			defaultConfigurationIsVisible = 0;
			defaultConfigurationName = Release;
		};
		607FACEF1AFB9204008FA782 /* Build configuration list for PBXNativeTarget "LiveDigitalSDKExample" */ = {
			isa = XCConfigurationList;
			buildConfigurations = (
				607FACF01AFB9204008FA782 /* Debug */,
				607FACF11AFB9204008FA782 /* Release */,
			);
			defaultConfigurationIsVisible = 0;
			defaultConfigurationName = Release;
		};
/* End XCConfigurationList section */

/* Begin XCRemoteSwiftPackageReference section */
		FF4214892FFF56DB0032C64C /* XCRemoteSwiftPackageReference "jwt-kit" */ = {
			isa = XCRemoteSwiftPackageReference;
			repositoryURL = "https://github.com/vapor/jwt-kit.git";
			requirement = {
				kind = upToNextMajorVersion;
				minimumVersion = 5.6.0;
			};
		};
/* End XCRemoteSwiftPackageReference section */

/* Begin XCSwiftPackageProductDependency section */
		FF42148A2FFF56DB0032C64C /* JWTKit */ = {
			isa = XCSwiftPackageProductDependency;
			package = FF4214892FFF56DB0032C64C /* XCRemoteSwiftPackageReference "jwt-kit" */;
			productName = JWTKit;
		};
/* End XCSwiftPackageProductDependency section */
	};
	rootObject = 607FACC81AFB9204008FA782 /* Project object */;
}
