// !$*UTF8*$!
{
	archiveVersion = 1;
	classes = {
	};
	objectVersion = 54;
	objects = {

/* Begin PBXBuildFile section */
		607FACDD1AFB9204008FA782 /* Images.xcassets in Resources */ = {isa = PBXBuildFile; fileRef = 607FACDC1AFB9204008FA782 /* Images.xcassets */; };
		607FACE01AFB9204008FA782 /* LaunchScreen.xib in Resources */ = {isa = PBXBuildFile; fileRef = 607FACDE1AFB9204008FA782 /* LaunchScreen.xib */; };
		FF098AFD2F8FB31400ED440A /* ColorAssets.xcassets in Resources */ = {isa = PBXBuildFile; fileRef = FF098ADE2F8FB31400ED440A /* ColorAssets.xcassets */; };
		FF098AFF2F8FB31400ED440A /* ImageAssets.xcassets in Resources */ = {isa = PBXBuildFile; fileRef = FF098AF82F8FB31400ED440A /* ImageAssets.xcassets */; };
		FF098B002F8FB31400ED440A /* PTRootUI-Regular.ttf in Resources */ = {isa = PBXBuildFile; fileRef = FF098AE42F8FB31400ED440A /* PTRootUI-Regular.ttf */; };
		FF098B012F8FB31400ED440A /* PTRootUI-Bold.ttf in Resources */ = {isa = PBXBuildFile; fileRef = FF098AE12F8FB31400ED440A /* PTRootUI-Bold.ttf */; };
		FF098B022F8FB31400ED440A /* PTRootUI-Light.ttf in Resources */ = {isa = PBXBuildFile; fileRef = FF098AE22F8FB31400ED440A /* PTRootUI-Light.ttf */; };
		FF098B032F8FB31400ED440A /* PTRootUI-Medium.ttf in Resources */ = {isa = PBXBuildFile; fileRef = FF098AE32F8FB31400ED440A /* PTRootUI-Medium.ttf */; };
		FF098B042F8FB31400ED440A /* RoundedContainer.swift in Sources */ = {isa = PBXBuildFile; fileRef = FF098AFB2F8FB31400ED440A /* RoundedContainer.swift */; };
		FF098B052F8FB31400ED440A /* PermissionIndicator.swift in Sources */ = {isa = PBXBuildFile; fileRef = FF098AFA2F8FB31400ED440A /* PermissionIndicator.swift */; };
		FF098B062F8FB31400ED440A /* RoundButtonStyle.swift in Sources */ = {isa = PBXBuildFile; fileRef = FF098AEE2F8FB31400ED440A /* RoundButtonStyle.swift */; };
		FF098B072F8FB31400ED440A /* NotificationsVM.swift in Sources */ = {isa = PBXBuildFile; fileRef = FF098AE82F8FB31400ED440A /* NotificationsVM.swift */; };
		FF098B082F8FB31400ED440A /* RoundButtonStyledContent.swift in Sources */ = {isa = PBXBuildFile; fileRef = FF098AF12F8FB31400ED440A /* RoundButtonStyledContent.swift */; };
		FF098B092F8FB31400ED440A /* TopFadeMask.swift in Sources */ = {isa = PBXBuildFile; fileRef = FF098AEA2F8FB31400ED440A /* TopFadeMask.swift */; };
		FF098B0A2F8FB31400ED440A /* RoundButton.swift in Sources */ = {isa = PBXBuildFile; fileRef = FF098AEC2F8FB31400ED440A /* RoundButton.swift */; };
		FF098B0B2F8FB31400ED440A /* RoundButtonStyleAccept.swift in Sources */ = {isa = PBXBuildFile; fileRef = FF098AEF2F8FB31400ED440A /* RoundButtonStyleAccept.swift */; };
		FF098B0C2F8FB31400ED440A /* RoundButtonStyleCustom.swift in Sources */ = {isa = PBXBuildFile; fileRef = FF098AF02F8FB31400ED440A /* RoundButtonStyleCustom.swift */; };
		FF098B0D2F8FB31400ED440A /* RoundButtonConfig.swift in Sources */ = {isa = PBXBuildFile; fileRef = FF098AED2F8FB31400ED440A /* RoundButtonConfig.swift */; };
		FF098B0E2F8FB31400ED440A /* RoundButtonStyleMediaSound.swift in Sources */ = {isa = PBXBuildFile; fileRef = FF098AF32F8FB31400ED440A /* RoundButtonStyleMediaSound.swift */; };
		FF098B0F2F8FB31400ED440A /* AssetColor.swift in Sources */ = {isa = PBXBuildFile; fileRef = FF098ADD2F8FB31400ED440A /* AssetColor.swift */; };
		FF098B102F8FB31400ED440A /* NotificationContent.swift in Sources */ = {isa = PBXBuildFile; fileRef = FF098AE62F8FB31400ED440A /* NotificationContent.swift */; };
		FF098B112F8FB31400ED440A /* LDToggleStyle.swift in Sources */ = {isa = PBXBuildFile; fileRef = FF098AF92F8FB31400ED440A /* LDToggleStyle.swift */; };
		FF098B122F8FB31400ED440A /* NotificationView.swift in Sources */ = {isa = PBXBuildFile; fileRef = FF098AE92F8FB31400ED440A /* NotificationView.swift */; };
		FF098B132F8FB31400ED440A /* GradientBackgroundView.swift in Sources */ = {isa = PBXBuildFile; fileRef = FF098AF72F8FB31400ED440A /* GradientBackgroundView.swift */; };
		FF098B142F8FB31400ED440A /* RoundButtonStyleMediaCapture.swift in Sources */ = {isa = PBXBuildFile; fileRef = FF098AF22F8FB31400ED440A /* RoundButtonStyleMediaCapture.swift */; };
		FF098B152F8FB31400ED440A /* RoundButtonStyleReject.swift in Sources */ = {isa = PBXBuildFile; fileRef = FF098AF42F8FB31400ED440A /* RoundButtonStyleReject.swift */; };
		FF098B162F8FB31400ED440A /* AssetFont.swift in Sources */ = {isa = PBXBuildFile; fileRef = FF098AE02F8FB31400ED440A /* AssetFont.swift */; };
		FF098B172F8FB31400ED440A /* NotificationsStack.swift in Sources */ = {isa = PBXBuildFile; fileRef = FF098AE72F8FB31400ED440A /* NotificationsStack.swift */; };
		FF098B222F8FB32D00ED440A /* StockCallManager.swift in Sources */ = {isa = PBXBuildFile; fileRef = FF098B202F8FB32D00ED440A /* StockCallManager.swift */; };
		FF098B232F8FB32D00ED440A /* CallFlowCoordinator.swift in Sources */ = {isa = PBXBuildFile; fileRef = FF098B192F8FB32D00ED440A /* CallFlowCoordinator.swift */; };
		FF098B242F8FB32D00ED440A /* Call.swift in Sources */ = {isa = PBXBuildFile; fileRef = FF098B1C2F8FB32D00ED440A /* Call.swift */; };
		FF098B252F8FB32D00ED440A /* SceneDelegate.swift in Sources */ = {isa = PBXBuildFile; fileRef = FF098B1A2F8FB32D00ED440A /* SceneDelegate.swift */; };
		FF098B262F8FB32D00ED440A /* AppDelegate.swift in Sources */ = {isa = PBXBuildFile; fileRef = FF098B182F8FB32D00ED440A /* AppDelegate.swift */; };
		FF098B272F8FB32D00ED440A /* CallManagerObserver.swift in Sources */ = {isa = PBXBuildFile; fileRef = FF098B1E2F8FB32D00ED440A /* CallManagerObserver.swift */; };
		FF098B282F8FB32D00ED440A /* CallPushAction.swift in Sources */ = {isa = PBXBuildFile; fileRef = FF098B1F2F8FB32D00ED440A /* CallPushAction.swift */; };
		FF098B292F8FB32D00ED440A /* CallManager.swift in Sources */ = {isa = PBXBuildFile; fileRef = FF098B1D2F8FB32D00ED440A /* CallManager.swift */; };
		FF098B302F8FB36B00ED440A /* CaptureDevicePermissionsManager.swift in Sources */ = {isa = PBXBuildFile; fileRef = FF098B2A2F8FB36B00ED440A /* CaptureDevicePermissionsManager.swift */; };
		FF098B312F8FB36B00ED440A /* CaptureDeviceType.swift in Sources */ = {isa = PBXBuildFile; fileRef = FF098B2B2F8FB36B00ED440A /* CaptureDeviceType.swift */; };
		FF098B322F8FB36B00ED440A /* PushPermissionsManager.swift in Sources */ = {isa = PBXBuildFile; fileRef = FF098B2D2F8FB36B00ED440A /* PushPermissionsManager.swift */; };
		FF098B332F8FB36B00ED440A /* PermissionState.swift in Sources */ = {isa = PBXBuildFile; fileRef = FF098B2C2F8FB36B00ED440A /* PermissionState.swift */; };
		FF098B342F8FB36B00ED440A /* StockCaptureDevicePermissionsManager.swift in Sources */ = {isa = PBXBuildFile; fileRef = FF098B2E2F8FB36B00ED440A /* StockCaptureDevicePermissionsManager.swift */; };
		FF098B3A2F8FB39700ED440A /* String+Localizable.swift in Sources */ = {isa = PBXBuildFile; fileRef = FF098B382F8FB39700ED440A /* String+Localizable.swift */; };
		FF098B3C2F8FB3AB00ED440A /* Localizable.xcstrings in Resources */ = {isa = PBXBuildFile; fileRef = FF098B3B2F8FB3AB00ED440A /* Localizable.xcstrings */; };
		FF098B412F8FB3D000ED440A /* CallSessionStatus.swift in Sources */ = {isa = PBXBuildFile; fileRef = FF098B402F8FB3D000ED440A /* CallSessionStatus.swift */; };
		FF098B422F8FB3D000ED440A /* AudioCallVM.swift in Sources */ = {isa = PBXBuildFile; fileRef = FF098B3E2F8FB3D000ED440A /* AudioCallVM.swift */; };
		FF098B432F8FB3D000ED440A /* AudioCallView.swift in Sources */ = {isa = PBXBuildFile; fileRef = FF098B3D2F8FB3D000ED440A /* AudioCallView.swift */; };
		FF098B442F8FB3D000ED440A /* CallScreenCoordinator.swift in Sources */ = {isa = PBXBuildFile; fileRef = FF098B3F2F8FB3D000ED440A /* CallScreenCoordinator.swift */; };
		FF098B472F8FB3DF00ED440A /* CallStartScreenView.swift in Sources */ = {isa = PBXBuildFile; fileRef = FF098B452F8FB3DF00ED440A /* CallStartScreenView.swift */; };
		FF098B482F8FB3DF00ED440A /* CallStartScreenVM.swift in Sources */ = {isa = PBXBuildFile; fileRef = FF098B462F8FB3DF00ED440A /* CallStartScreenVM.swift */; };
		FF29302A2FE11420003F799A /* AppConfig.swift in Sources */ = {isa = PBXBuildFile; fileRef = FF2930292FE11407003F799A /* AppConfig.swift */; };
		FF29302C2FE11450003F799A /* AppConfig+StoredValue.swift in Sources */ = {isa = PBXBuildFile; fileRef = FF29302B2FE1144A003F799A /* AppConfig+StoredValue.swift */; };
		FF55D4902FECE83F0054752B /* FlowSelectionView.swift in Sources */ = {isa = PBXBuildFile; fileRef = FF55D48F2FECE83B0054752B /* FlowSelectionView.swift */; };
		FF55D4922FECF0340054752B /* AppWorkflow.swift in Sources */ = {isa = PBXBuildFile; fileRef = FF55D4912FECF02D0054752B /* AppWorkflow.swift */; };
		FF55D4972FED0BF80054752B /* ConferenceStartScreenView.swift in Sources */ = {isa = PBXBuildFile; fileRef = FF55D4962FED0BF30054752B /* ConferenceStartScreenView.swift */; };
		FF55D4992FED0C2A0054752B /* ConferenceStartScreenVM.swift in Sources */ = {isa = PBXBuildFile; fileRef = FF55D4982FED0C1B0054752B /* ConferenceStartScreenVM.swift */; };
		FF55D49B2FED81AB0054752B /* ConferenceFlowCoordinator.swift in Sources */ = {isa = PBXBuildFile; fileRef = FF55D49A2FED81AB0054752B /* ConferenceFlowCoordinator.swift */; };
		FF55D49E2FED85500054752B /* ConferenceSessionVM.swift in Sources */ = {isa = PBXBuildFile; fileRef = FF55D49D2FED85420054752B /* ConferenceSessionVM.swift */; };
		FF55D4A02FED85720054752B /* ConferenceScreenCoordinator.swift in Sources */ = {isa = PBXBuildFile; fileRef = FF55D49F2FED856B0054752B /* ConferenceScreenCoordinator.swift */; };
		FF55D4A22FED858C0054752B /* ConferenceSessionView.swift in Sources */ = {isa = PBXBuildFile; fileRef = FF55D4A12FED85840054752B /* ConferenceSessionView.swift */; };
		FF55D4A52FEE21F70054752B /* CallDurationTimer.swift in Sources */ = {isa = PBXBuildFile; fileRef = FF55D4A42FEE21F30054752B /* CallDurationTimer.swift */; };
		FF6267EC2EEA6F4F0081A62A /* LiveDigitalSDK in Frameworks */ = {isa = PBXBuildFile; productRef = FF6267EB2EEA6F4F0081A62A /* LiveDigitalSDK */; };
		FF781B072FDFF19100173D67 /* AccountManager.swift in Sources */ = {isa = PBXBuildFile; fileRef = FF781B062FDFF18500173D67 /* AccountManager.swift */; };
		FF781B092FE0DCB200173D67 /* FakeAccountManager.swift in Sources */ = {isa = PBXBuildFile; fileRef = FF781B082FE0DCA800173D67 /* FakeAccountManager.swift */; };
		FF781B0B2FE0E08C00173D67 /* APNSTokenProvider.swift in Sources */ = {isa = PBXBuildFile; fileRef = FF781B0A2FE0E08500173D67 /* APNSTokenProvider.swift */; };
		FF8D37D62FDA620E0084F833 /* APIClient.swift in Sources */ = {isa = PBXBuildFile; fileRef = FF8D37D52FDA620B0084F833 /* APIClient.swift */; };
		FF8D37D82FDA623F0084F833 /* StockAPIClient.swift in Sources */ = {isa = PBXBuildFile; fileRef = FF8D37D72FDA623A0084F833 /* StockAPIClient.swift */; };
		FF8D37E12FDA679A0084F833 /* CRSAPIClient.swift in Sources */ = {isa = PBXBuildFile; fileRef = FF8D37E02FDA67910084F833 /* CRSAPIClient.swift */; };
		FF8D37E32FDA67B20084F833 /* StockCRSAPIClient.swift in Sources */ = {isa = PBXBuildFile; fileRef = FF8D37E22FDA67AD0084F833 /* StockCRSAPIClient.swift */; };
		FF8D37E52FDA6FA00084F833 /* CRSAPIEnvironment.swift in Sources */ = {isa = PBXBuildFile; fileRef = FF8D37E42FDA6F9B0084F833 /* CRSAPIEnvironment.swift */; };
		FF8D37E72FDA70AA0084F833 /* APNSEnvironment.swift in Sources */ = {isa = PBXBuildFile; fileRef = FF8D37E62FDA70A40084F833 /* APNSEnvironment.swift */; };
		FF8D37EB2FDA74A30084F833 /* RegisteredDevice.swift in Sources */ = {isa = PBXBuildFile; fileRef = FF8D37EA2FDA749F0084F833 /* RegisteredDevice.swift */; };
		FF8D37ED2FDA74F00084F833 /* TokenInvalidationReason.swift in Sources */ = {isa = PBXBuildFile; fileRef = FF8D37EC2FDA74EA0084F833 /* TokenInvalidationReason.swift */; };
		FF8D37EF2FDA9A980084F833 /* DeviceEnvironment.swift in Sources */ = {isa = PBXBuildFile; fileRef = FF8D37EE2FDA9A970084F833 /* DeviceEnvironment.swift */; };
		FF8D37F12FDA9DE50084F833 /* Defaults.swift in Sources */ = {isa = PBXBuildFile; fileRef = FF8D37F02FDA9DE20084F833 /* Defaults.swift */; };
		FF8D37F32FDA9DF20084F833 /* Defaults+StoredValue.swift in Sources */ = {isa = PBXBuildFile; fileRef = FF8D37F22FDA9DE90084F833 /* Defaults+StoredValue.swift */; };
		FF8D37F52FDAAE5A0084F833 /* DeviceEnvironmentProvider.swift in Sources */ = {isa = PBXBuildFile; fileRef = FF8D37F42FDAAE570084F833 /* DeviceEnvironmentProvider.swift */; };
		FF8D37F72FDABAB10084F833 /* CurlRequestPrinter.swift in Sources */ = {isa = PBXBuildFile; fileRef = FF8D37F62FDABAB10084F833 /* CurlRequestPrinter.swift */; };
		FF98FFB02EC1C85A003F1D90 /* LiveDigitalSDK in Frameworks */ = {isa = PBXBuildFile; productRef = FF98FFAF2EC1C85A003F1D90 /* LiveDigitalSDK */; };
		FFA56F542F236D85000FFD29 /* QRGenerator.swift in Sources */ = {isa = PBXBuildFile; fileRef = FFA56F532F236D68000FFD29 /* QRGenerator.swift */; };
		FFA56F562F236E04000FFD29 /* StockQRGenerator.swift in Sources */ = {isa = PBXBuildFile; fileRef = FFA56F552F236DFB000FFD29 /* StockQRGenerator.swift */; };
		FFB0FB2A2E459A6B00F787EC /* LiveDigitalSDK in Frameworks */ = {isa = PBXBuildFile; productRef = FFB0FB292E459A6B00F787EC /* LiveDigitalSDK */; };
		FFF42C942F31E1A400AE3966 /* SessionView.swift in Sources */ = {isa = PBXBuildFile; fileRef = FFF42C932F31E1A200AE3966 /* SessionView.swift */; };
		FFF42C9D2F32021B00AE3966 /* Weak.swift in Sources */ = {isa = PBXBuildFile; fileRef = FFF42C9C2F32021900AE3966 /* Weak.swift */; };
		FFFA321B2D30DD640043C2E7 /* StockMoodhoodAPIClient.swift in Sources */ = {isa = PBXBuildFile; fileRef = FFFA321A2D30DD620043C2E7 /* StockMoodhoodAPIClient.swift */; };
		FFFA321E2D30E0010043C2E7 /* MoodhoodAPIClient.swift in Sources */ = {isa = PBXBuildFile; fileRef = FFFA321D2D30DFFF0043C2E7 /* MoodhoodAPIClient.swift */; };
		FFFA32202D30E0210043C2E7 /* MoodhoodAPIEnvironment.swift in Sources */ = {isa = PBXBuildFile; fileRef = FFFA321F2D30E0200043C2E7 /* MoodhoodAPIEnvironment.swift */; };
		FFFA32242D30EA170043C2E7 /* APIClientError.swift in Sources */ = {isa = PBXBuildFile; fileRef = FFFA32232D30EA150043C2E7 /* APIClientError.swift */; };
		FFFA32272D30EB020043C2E7 /* MoodhoodUserToken.swift in Sources */ = {isa = PBXBuildFile; fileRef = FFFA32262D30EB010043C2E7 /* MoodhoodUserToken.swift */; };
		FFFA32292D311A560043C2E7 /* MoodhoodParticipant.swift in Sources */ = {isa = PBXBuildFile; fileRef = FFFA32282D311A510043C2E7 /* MoodhoodParticipant.swift */; };
		FFFA322B2D3120170043C2E7 /* SignalingToken.swift in Sources */ = {isa = PBXBuildFile; fileRef = FFFA322A2D3120160043C2E7 /* SignalingToken.swift */; };
		FFFA322D2D3128240043C2E7 /* Room.swift in Sources */ = {isa = PBXBuildFile; fileRef = FFFA322C2D3128220043C2E7 /* Room.swift */; };
		FFFA322F2D3131ED0043C2E7 /* EmptyResult.swift in Sources */ = {isa = PBXBuildFile; fileRef = FFFA322E2D3131EC0043C2E7 /* EmptyResult.swift */; };
/* End PBXBuildFile section */

/* Begin PBXFileReference section */
		1D970F2F152FCB07F1758161 /* Pods_LiveDigitalSDKExample.framework */ = {isa = PBXFileReference; explicitFileType = wrapper.framework; includeInIndex = 0; path = Pods_LiveDigitalSDKExample.framework; sourceTree = BUILT_PRODUCTS_DIR; };
		607FACD01AFB9204008FA782 /* LiveDigitalSDKExample.app */ = {isa = PBXFileReference; explicitFileType = wrapper.application; includeInIndex = 0; path = LiveDigitalSDKExample.app; sourceTree = BUILT_PRODUCTS_DIR; };
		607FACD41AFB9204008FA782 /* Info.plist */ = {isa = PBXFileReference; lastKnownFileType = text.plist.xml; path = Info.plist; sourceTree = "<group>"; };
		607FACDC1AFB9204008FA782 /* Images.xcassets */ = {isa = PBXFileReference; lastKnownFileType = folder.assetcatalog; path = Images.xcassets; sourceTree = "<group>"; };
		607FACDF1AFB9204008FA782 /* Base */ = {isa = PBXFileReference; lastKnownFileType = file.xib; name = Base; path = Base.lproj/LaunchScreen.xib; sourceTree = "<group>"; };
		78EA401149B94AA7EBFB46CF /* Pods_LiveDigitalSDKExample_Tests.framework */ = {isa = PBXFileReference; explicitFileType = wrapper.framework; includeInIndex = 0; path = Pods_LiveDigitalSDKExample_Tests.framework; sourceTree = BUILT_PRODUCTS_DIR; };
		FF098ADD2F8FB31400ED440A /* AssetColor.swift */ = {isa = PBXFileReference; lastKnownFileType = sourcecode.swift; path = AssetColor.swift; sourceTree = "<group>"; };
		FF098ADE2F8FB31400ED440A /* ColorAssets.xcassets */ = {isa = PBXFileReference; lastKnownFileType = folder.assetcatalog; path = ColorAssets.xcassets; sourceTree = "<group>"; };
		FF098AE02F8FB31400ED440A /* AssetFont.swift */ = {isa = PBXFileReference; lastKnownFileType = sourcecode.swift; path = AssetFont.swift; sourceTree = "<group>"; };
		FF098AE12F8FB31400ED440A /* PTRootUI-Bold.ttf */ = {isa = PBXFileReference; lastKnownFileType = file; path = "PTRootUI-Bold.ttf"; sourceTree = "<group>"; };
		FF098AE22F8FB31400ED440A /* PTRootUI-Light.ttf */ = {isa = PBXFileReference; lastKnownFileType = file; path = "PTRootUI-Light.ttf"; sourceTree = "<group>"; };
		FF098AE32F8FB31400ED440A /* PTRootUI-Medium.ttf */ = {isa = PBXFileReference; lastKnownFileType = file; path = "PTRootUI-Medium.ttf"; sourceTree = "<group>"; };
		FF098AE42F8FB31400ED440A /* PTRootUI-Regular.ttf */ = {isa = PBXFileReference; lastKnownFileType = file; path = "PTRootUI-Regular.ttf"; sourceTree = "<group>"; };
		FF098AE62F8FB31400ED440A /* NotificationContent.swift */ = {isa = PBXFileReference; lastKnownFileType = sourcecode.swift; path = NotificationContent.swift; sourceTree = "<group>"; };
		FF098AE72F8FB31400ED440A /* NotificationsStack.swift */ = {isa = PBXFileReference; lastKnownFileType = sourcecode.swift; path = NotificationsStack.swift; sourceTree = "<group>"; };
		FF098AE82F8FB31400ED440A /* NotificationsVM.swift */ = {isa = PBXFileReference; lastKnownFileType = sourcecode.swift; path = NotificationsVM.swift; sourceTree = "<group>"; };
		FF098AE92F8FB31400ED440A /* NotificationView.swift */ = {isa = PBXFileReference; lastKnownFileType = sourcecode.swift; path = NotificationView.swift; sourceTree = "<group>"; };
		FF098AEA2F8FB31400ED440A /* TopFadeMask.swift */ = {isa = PBXFileReference; lastKnownFileType = sourcecode.swift; path = TopFadeMask.swift; sourceTree = "<group>"; };
		FF098AEC2F8FB31400ED440A /* RoundButton.swift */ = {isa = PBXFileReference; lastKnownFileType = sourcecode.swift; path = RoundButton.swift; sourceTree = "<group>"; };
		FF098AED2F8FB31400ED440A /* RoundButtonConfig.swift */ = {isa = PBXFileReference; lastKnownFileType = sourcecode.swift; path = RoundButtonConfig.swift; sourceTree = "<group>"; };
		FF098AEE2F8FB31400ED440A /* RoundButtonStyle.swift */ = {isa = PBXFileReference; lastKnownFileType = sourcecode.swift; path = RoundButtonStyle.swift; sourceTree = "<group>"; };
		FF098AEF2F8FB31400ED440A /* RoundButtonStyleAccept.swift */ = {isa = PBXFileReference; lastKnownFileType = sourcecode.swift; path = RoundButtonStyleAccept.swift; sourceTree = "<group>"; };
		FF098AF02F8FB31400ED440A /* RoundButtonStyleCustom.swift */ = {isa = PBXFileReference; lastKnownFileType = sourcecode.swift; path = RoundButtonStyleCustom.swift; sourceTree = "<group>"; };
		FF098AF12F8FB31400ED440A /* RoundButtonStyledContent.swift */ = {isa = PBXFileReference; lastKnownFileType = sourcecode.swift; path = RoundButtonStyledContent.swift; sourceTree = "<group>"; };
		FF098AF22F8FB31400ED440A /* RoundButtonStyleMediaCapture.swift */ = {isa = PBXFileReference; lastKnownFileType = sourcecode.swift; path = RoundButtonStyleMediaCapture.swift; sourceTree = "<group>"; };
		FF098AF32F8FB31400ED440A /* RoundButtonStyleMediaSound.swift */ = {isa = PBXFileReference; lastKnownFileType = sourcecode.swift; path = RoundButtonStyleMediaSound.swift; sourceTree = "<group>"; };
		FF098AF42F8FB31400ED440A /* RoundButtonStyleReject.swift */ = {isa = PBXFileReference; lastKnownFileType = sourcecode.swift; path = RoundButtonStyleReject.swift; sourceTree = "<group>"; };
		FF098AF72F8FB31400ED440A /* GradientBackgroundView.swift */ = {isa = PBXFileReference; lastKnownFileType = sourcecode.swift; path = GradientBackgroundView.swift; sourceTree = "<group>"; };
		FF098AF82F8FB31400ED440A /* ImageAssets.xcassets */ = {isa = PBXFileReference; lastKnownFileType = folder.assetcatalog; path = ImageAssets.xcassets; sourceTree = "<group>"; };
		FF098AF92F8FB31400ED440A /* LDToggleStyle.swift */ = {isa = PBXFileReference; lastKnownFileType = sourcecode.swift; path = LDToggleStyle.swift; sourceTree = "<group>"; };
		FF098AFA2F8FB31400ED440A /* PermissionIndicator.swift */ = {isa = PBXFileReference; lastKnownFileType = sourcecode.swift; path = PermissionIndicator.swift; sourceTree = "<group>"; };
		FF098AFB2F8FB31400ED440A /* RoundedContainer.swift */ = {isa = PBXFileReference; lastKnownFileType = sourcecode.swift; path = RoundedContainer.swift; sourceTree = "<group>"; };
		FF098B182F8FB32D00ED440A /* AppDelegate.swift */ = {isa = PBXFileReference; lastKnownFileType = sourcecode.swift; path = AppDelegate.swift; sourceTree = "<group>"; };
		FF098B192F8FB32D00ED440A /* CallFlowCoordinator.swift */ = {isa = PBXFileReference; lastKnownFileType = sourcecode.swift; path = CallFlowCoordinator.swift; sourceTree = "<group>"; };
		FF098B1A2F8FB32D00ED440A /* SceneDelegate.swift */ = {isa = PBXFileReference; lastKnownFileType = sourcecode.swift; path = SceneDelegate.swift; sourceTree = "<group>"; };
		FF098B1C2F8FB32D00ED440A /* Call.swift */ = {isa = PBXFileReference; lastKnownFileType = sourcecode.swift; path = Call.swift; sourceTree = "<group>"; };
		FF098B1D2F8FB32D00ED440A /* CallManager.swift */ = {isa = PBXFileReference; lastKnownFileType = sourcecode.swift; path = CallManager.swift; sourceTree = "<group>"; };
		FF098B1E2F8FB32D00ED440A /* CallManagerObserver.swift */ = {isa = PBXFileReference; lastKnownFileType = sourcecode.swift; path = CallManagerObserver.swift; sourceTree = "<group>"; };
		FF098B1F2F8FB32D00ED440A /* CallPushAction.swift */ = {isa = PBXFileReference; lastKnownFileType = sourcecode.swift; path = CallPushAction.swift; sourceTree = "<group>"; };
		FF098B202F8FB32D00ED440A /* StockCallManager.swift */ = {isa = PBXFileReference; lastKnownFileType = sourcecode.swift; path = StockCallManager.swift; sourceTree = "<group>"; };
		FF098B2A2F8FB36B00ED440A /* CaptureDevicePermissionsManager.swift */ = {isa = PBXFileReference; lastKnownFileType = sourcecode.swift; path = CaptureDevicePermissionsManager.swift; sourceTree = "<group>"; };
		FF098B2B2F8FB36B00ED440A /* CaptureDeviceType.swift */ = {isa = PBXFileReference; lastKnownFileType = sourcecode.swift; path = CaptureDeviceType.swift; sourceTree = "<group>"; };
		FF098B2C2F8FB36B00ED440A /* PermissionState.swift */ = {isa = PBXFileReference; lastKnownFileType = sourcecode.swift; path = PermissionState.swift; sourceTree = "<group>"; };
		FF098B2D2F8FB36B00ED440A /* PushPermissionsManager.swift */ = {isa = PBXFileReference; lastKnownFileType = sourcecode.swift; path = PushPermissionsManager.swift; sourceTree = "<group>"; };
		FF098B2E2F8FB36B00ED440A /* StockCaptureDevicePermissionsManager.swift */ = {isa = PBXFileReference; lastKnownFileType = sourcecode.swift; path = StockCaptureDevicePermissionsManager.swift; sourceTree = "<group>"; };
		FF098B382F8FB39700ED440A /* String+Localizable.swift */ = {isa = PBXFileReference; lastKnownFileType = sourcecode.swift; path = "String+Localizable.swift"; sourceTree = "<group>"; };
		FF098B3B2F8FB3AB00ED440A /* Localizable.xcstrings */ = {isa = PBXFileReference; lastKnownFileType = text.json.xcstrings; path = Localizable.xcstrings; sourceTree = "<group>"; };
		FF098B3D2F8FB3D000ED440A /* AudioCallView.swift */ = {isa = PBXFileReference; lastKnownFileType = sourcecode.swift; path = AudioCallView.swift; sourceTree = "<group>"; };
		FF098B3E2F8FB3D000ED440A /* AudioCallVM.swift */ = {isa = PBXFileReference; lastKnownFileType = sourcecode.swift; path = AudioCallVM.swift; sourceTree = "<group>"; };
		FF098B3F2F8FB3D000ED440A /* CallScreenCoordinator.swift */ = {isa = PBXFileReference; lastKnownFileType = sourcecode.swift; path = CallScreenCoordinator.swift; sourceTree = "<group>"; };
		FF098B402F8FB3D000ED440A /* CallSessionStatus.swift */ = {isa = PBXFileReference; lastKnownFileType = sourcecode.swift; path = CallSessionStatus.swift; sourceTree = "<group>"; };
		FF098B452F8FB3DF00ED440A /* CallStartScreenView.swift */ = {isa = PBXFileReference; lastKnownFileType = sourcecode.swift; path = CallStartScreenView.swift; sourceTree = "<group>"; };
		FF098B462F8FB3DF00ED440A /* CallStartScreenVM.swift */ = {isa = PBXFileReference; lastKnownFileType = sourcecode.swift; path = CallStartScreenVM.swift; sourceTree = "<group>"; };
		FF2930292FE11407003F799A /* AppConfig.swift */ = {isa = PBXFileReference; lastKnownFileType = sourcecode.swift; path = AppConfig.swift; sourceTree = "<group>"; };
		FF29302B2FE1144A003F799A /* AppConfig+StoredValue.swift */ = {isa = PBXFileReference; lastKnownFileType = sourcecode.swift; path = "AppConfig+StoredValue.swift"; sourceTree = "<group>"; };
		FF55D48F2FECE83B0054752B /* FlowSelectionView.swift */ = {isa = PBXFileReference; lastKnownFileType = sourcecode.swift; path = FlowSelectionView.swift; sourceTree = "<group>"; };
		FF55D4912FECF02D0054752B /* AppWorkflow.swift */ = {isa = PBXFileReference; lastKnownFileType = sourcecode.swift; path = AppWorkflow.swift; sourceTree = "<group>"; };
		FF55D4942FECF9F60054752B /* README.md */ = {isa = PBXFileReference; lastKnownFileType = net.daringfireball.markdown; name = README.md; path = ../README.md; sourceTree = SOURCE_ROOT; };
		FF55D4962FED0BF30054752B /* ConferenceStartScreenView.swift */ = {isa = PBXFileReference; lastKnownFileType = sourcecode.swift; path = ConferenceStartScreenView.swift; sourceTree = "<group>"; };
		FF55D4982FED0C1B0054752B /* ConferenceStartScreenVM.swift */ = {isa = PBXFileReference; lastKnownFileType = sourcecode.swift; path = ConferenceStartScreenVM.swift; sourceTree = "<group>"; };
		FF55D49A2FED81AB0054752B /* ConferenceFlowCoordinator.swift */ = {isa = PBXFileReference; lastKnownFileType = sourcecode.swift; path = ConferenceFlowCoordinator.swift; sourceTree = "<group>"; };
		FF55D49D2FED85420054752B /* ConferenceSessionVM.swift */ = {isa = PBXFileReference; lastKnownFileType = sourcecode.swift; path = ConferenceSessionVM.swift; sourceTree = "<group>"; };
		FF55D49F2FED856B0054752B /* ConferenceScreenCoordinator.swift */ = {isa = PBXFileReference; lastKnownFileType = sourcecode.swift; path = ConferenceScreenCoordinator.swift; sourceTree = "<group>"; };
		FF55D4A12FED85840054752B /* ConferenceSessionView.swift */ = {isa = PBXFileReference; lastKnownFileType = sourcecode.swift; path = ConferenceSessionView.swift; sourceTree = "<group>"; };
		FF55D4A42FEE21F30054752B /* CallDurationTimer.swift */ = {isa = PBXFileReference; lastKnownFileType = sourcecode.swift; path = CallDurationTimer.swift; sourceTree = "<group>"; };
		FF781B062FDFF18500173D67 /* AccountManager.swift */ = {isa = PBXFileReference; lastKnownFileType = sourcecode.swift; path = AccountManager.swift; sourceTree = "<group>"; };
		FF781B082FE0DCA800173D67 /* FakeAccountManager.swift */ = {isa = PBXFileReference; lastKnownFileType = sourcecode.swift; path = FakeAccountManager.swift; sourceTree = "<group>"; };
		FF781B0A2FE0E08500173D67 /* APNSTokenProvider.swift */ = {isa = PBXFileReference; lastKnownFileType = sourcecode.swift; path = APNSTokenProvider.swift; sourceTree = "<group>"; };
		FF8D37D52FDA620B0084F833 /* APIClient.swift */ = {isa = PBXFileReference; lastKnownFileType = sourcecode.swift; path = APIClient.swift; sourceTree = "<group>"; };
		FF8D37D72FDA623A0084F833 /* StockAPIClient.swift */ = {isa = PBXFileReference; lastKnownFileType = sourcecode.swift; path = StockAPIClient.swift; sourceTree = "<group>"; };
		FF8D37E02FDA67910084F833 /* CRSAPIClient.swift */ = {isa = PBXFileReference; lastKnownFileType = sourcecode.swift; path = CRSAPIClient.swift; sourceTree = "<group>"; };
		FF8D37E22FDA67AD0084F833 /* StockCRSAPIClient.swift */ = {isa = PBXFileReference; lastKnownFileType = sourcecode.swift; path = StockCRSAPIClient.swift; sourceTree = "<group>"; };
		FF8D37E42FDA6F9B0084F833 /* CRSAPIEnvironment.swift */ = {isa = PBXFileReference; lastKnownFileType = sourcecode.swift; path = CRSAPIEnvironment.swift; sourceTree = "<group>"; };
		FF8D37E62FDA70A40084F833 /* APNSEnvironment.swift */ = {isa = PBXFileReference; lastKnownFileType = sourcecode.swift; path = APNSEnvironment.swift; sourceTree = "<group>"; };
		FF8D37EA2FDA749F0084F833 /* RegisteredDevice.swift */ = {isa = PBXFileReference; lastKnownFileType = sourcecode.swift; path = RegisteredDevice.swift; sourceTree = "<group>"; };
		FF8D37EC2FDA74EA0084F833 /* TokenInvalidationReason.swift */ = {isa = PBXFileReference; lastKnownFileType = sourcecode.swift; path = TokenInvalidationReason.swift; sourceTree = "<group>"; };
		FF8D37EE2FDA9A970084F833 /* DeviceEnvironment.swift */ = {isa = PBXFileReference; lastKnownFileType = sourcecode.swift; path = DeviceEnvironment.swift; sourceTree = "<group>"; };
		FF8D37F02FDA9DE20084F833 /* Defaults.swift */ = {isa = PBXFileReference; lastKnownFileType = sourcecode.swift; path = Defaults.swift; sourceTree = "<group>"; };
		FF8D37F22FDA9DE90084F833 /* Defaults+StoredValue.swift */ = {isa = PBXFileReference; lastKnownFileType = sourcecode.swift; path = "Defaults+StoredValue.swift"; sourceTree = "<group>"; };
		FF8D37F42FDAAE570084F833 /* DeviceEnvironmentProvider.swift */ = {isa = PBXFileReference; lastKnownFileType = sourcecode.swift; path = DeviceEnvironmentProvider.swift; sourceTree = "<group>"; };
		FF8D37F62FDABAB10084F833 /* CurlRequestPrinter.swift */ = {isa = PBXFileReference; lastKnownFileType = sourcecode.swift; path = CurlRequestPrinter.swift; sourceTree = "<group>"; };
		FFA56F532F236D68000FFD29 /* QRGenerator.swift */ = {isa = PBXFileReference; lastKnownFileType = sourcecode.swift; path = QRGenerator.swift; sourceTree = "<group>"; };
		FFA56F552F236DFB000FFD29 /* StockQRGenerator.swift */ = {isa = PBXFileReference; lastKnownFileType = sourcecode.swift; path = StockQRGenerator.swift; sourceTree = "<group>"; };
		FFA56F572F237ADD000FFD29 /* LiveDigitalSDKExample.entitlements */ = {isa = PBXFileReference; lastKnownFileType = text.plist.entitlements; path = LiveDigitalSDKExample.entitlements; sourceTree = "<group>"; };
		FFF42C932F31E1A200AE3966 /* SessionView.swift */ = {isa = PBXFileReference; lastKnownFileType = sourcecode.swift; path = SessionView.swift; sourceTree = "<group>"; };
		FFF42C9C2F32021900AE3966 /* Weak.swift */ = {isa = PBXFileReference; lastKnownFileType = sourcecode.swift; path = Weak.swift; sourceTree = "<group>"; };
		FFFA321A2D30DD620043C2E7 /* StockMoodhoodAPIClient.swift */ = {isa = PBXFileReference; lastKnownFileType = sourcecode.swift; path = StockMoodhoodAPIClient.swift; sourceTree = "<group>"; };
		FFFA321D2D30DFFF0043C2E7 /* MoodhoodAPIClient.swift */ = {isa = PBXFileReference; lastKnownFileType = sourcecode.swift; path = MoodhoodAPIClient.swift; sourceTree = "<group>"; };
		FFFA321F2D30E0200043C2E7 /* MoodhoodAPIEnvironment.swift */ = {isa = PBXFileReference; lastKnownFileType = sourcecode.swift; path = MoodhoodAPIEnvironment.swift; sourceTree = "<group>"; };
		FFFA32232D30EA150043C2E7 /* APIClientError.swift */ = {isa = PBXFileReference; lastKnownFileType = sourcecode.swift; path = APIClientError.swift; sourceTree = "<group>"; };
		FFFA32262D30EB010043C2E7 /* MoodhoodUserToken.swift */ = {isa = PBXFileReference; lastKnownFileType = sourcecode.swift; path = MoodhoodUserToken.swift; sourceTree = "<group>"; };
		FFFA32282D311A510043C2E7 /* MoodhoodParticipant.swift */ = {isa = PBXFileReference; lastKnownFileType = sourcecode.swift; path = MoodhoodParticipant.swift; sourceTree = "<group>"; };
		FFFA322A2D3120160043C2E7 /* SignalingToken.swift */ = {isa = PBXFileReference; lastKnownFileType = sourcecode.swift; path = SignalingToken.swift; sourceTree = "<group>"; };
		FFFA322C2D3128220043C2E7 /* Room.swift */ = {isa = PBXFileReference; lastKnownFileType = sourcecode.swift; path = Room.swift; sourceTree = "<group>"; };
		FFFA322E2D3131EC0043C2E7 /* EmptyResult.swift */ = {isa = PBXFileReference; lastKnownFileType = sourcecode.swift; path = EmptyResult.swift; sourceTree = "<group>"; };
/* End PBXFileReference section */

/* Begin PBXFrameworksBuildPhase section */
		607FACCD1AFB9204008FA782 /* Frameworks */ = {
			isa = PBXFrameworksBuildPhase;
			buildActionMask = 2147483647;
			files = (
				FF6267EC2EEA6F4F0081A62A /* LiveDigitalSDK in Frameworks */,
				FF98FFB02EC1C85A003F1D90 /* LiveDigitalSDK in Frameworks */,
				FFB0FB2A2E459A6B00F787EC /* LiveDigitalSDK in Frameworks */,
			);
			runOnlyForDeploymentPostprocessing = 0;
		};
/* End PBXFrameworksBuildPhase section */

/* Begin PBXGroup section */
		607FACC71AFB9204008FA782 = {
			isa = PBXGroup;
			children = (
				607FACD21AFB9204008FA782 /* Example for LiveDigitalSDK */,
				607FACD11AFB9204008FA782 /* Products */,
				88AB4F41780FBA2EEE023D27 /* Frameworks */,
				FF55D4942FECF9F60054752B /* README.md */,
			);
			sourceTree = "<group>";
		};
		607FACD11AFB9204008FA782 /* Products */ = {
			isa = PBXGroup;
			children = (
				607FACD01AFB9204008FA782 /* LiveDigitalSDKExample.app */,
			);
			name = Products;
			sourceTree = "<group>";
		};
		607FACD21AFB9204008FA782 /* Example for LiveDigitalSDK */ = {
			isa = PBXGroup;
			children = (
				FF8D37D42FDA62020084F833 /* APIClient */,
				FF781B052FDFF17500173D67 /* APNS */,
				FF098B1B2F8FB32D00ED440A /* Application */,
				FF098B212F8FB32D00ED440A /* Calls */,
				FFF42C542F31D9BF00AE3966 /* CallSessionScreen */,
				FFF42C582F31DB3200AE3966 /* CallStartScreen */,
				FF098AFC2F8FB31400ED440A /* Components */,
				FF55D49C2FED85320054752B /* ConferenceSessionScreen */,
				FF55D4952FED0BE20054752B /* ConferenceStartScreen */,
				FFF42C5A2F31DBC600AE3966 /* Config */,
				FF8D37D32FDA61C60084F833 /* CRSAPI */,
				FF55D48E2FECE82F0054752B /* FlowSelection */,
				FFFA321C2D30DFF50043C2E7 /* MoodhoodAPI */,
				FF098B2F2F8FB36B00ED440A /* Permissions */,
				FF52173C2F2A044400725DC7 /* QRCode */,
				FFF42C592F31DB9000AE3966 /* Resources */,
				FFF42C9B2F32021300AE3966 /* Utils */,
			);
			name = "Example for LiveDigitalSDK";
			path = LiveDigitalSDK;
			sourceTree = "<group>";
		};
		88AB4F41780FBA2EEE023D27 /* Frameworks */ = {
			isa = PBXGroup;
			children = (
				1D970F2F152FCB07F1758161 /* Pods_LiveDigitalSDKExample.framework */,
				78EA401149B94AA7EBFB46CF /* Pods_LiveDigitalSDKExample_Tests.framework */,
			);
			name = Frameworks;
			sourceTree = "<group>";
		};
		FF098ADF2F8FB31400ED440A /* Colors */ = {
			isa = PBXGroup;
			children = (
				FF098ADD2F8FB31400ED440A /* AssetColor.swift */,
				FF098ADE2F8FB31400ED440A /* ColorAssets.xcassets */,
			);
			path = Colors;
			sourceTree = "<group>";
		};
		FF098AE52F8FB31400ED440A /* Fonts */ = {
			isa = PBXGroup;
			children = (
				FF098AE02F8FB31400ED440A /* AssetFont.swift */,
				FF098AE12F8FB31400ED440A /* PTRootUI-Bold.ttf */,
				FF098AE22F8FB31400ED440A /* PTRootUI-Light.ttf */,
				FF098AE32F8FB31400ED440A /* PTRootUI-Medium.ttf */,
				FF098AE42F8FB31400ED440A /* PTRootUI-Regular.ttf */,
			);
			path = Fonts;
			sourceTree = "<group>";
		};
		FF098AEB2F8FB31400ED440A /* NotificationsStack */ = {
			isa = PBXGroup;
			children = (
				FF098AE62F8FB31400ED440A /* NotificationContent.swift */,
				FF098AE72F8FB31400ED440A /* NotificationsStack.swift */,
				FF098AE82F8FB31400ED440A /* NotificationsVM.swift */,
				FF098AE92F8FB31400ED440A /* NotificationView.swift */,
				FF098AEA2F8FB31400ED440A /* TopFadeMask.swift */,
			);
			path = NotificationsStack;
			sourceTree = "<group>";
		};
		FF098AF52F8FB31400ED440A /* RoundButton */ = {
			isa = PBXGroup;
			children = (
				FF098AEC2F8FB31400ED440A /* RoundButton.swift */,
				FF098AED2F8FB31400ED440A /* RoundButtonConfig.swift */,
				FF098AEE2F8FB31400ED440A /* RoundButtonStyle.swift */,
				FF098AEF2F8FB31400ED440A /* RoundButtonStyleAccept.swift */,
				FF098AF02F8FB31400ED440A /* RoundButtonStyleCustom.swift */,
				FF098AF12F8FB31400ED440A /* RoundButtonStyledContent.swift */,
				FF098AF22F8FB31400ED440A /* RoundButtonStyleMediaCapture.swift */,
				FF098AF32F8FB31400ED440A /* RoundButtonStyleMediaSound.swift */,
				FF098AF42F8FB31400ED440A /* RoundButtonStyleReject.swift */,
			);
			path = RoundButton;
			sourceTree = "<group>";
		};
		FF098AFC2F8FB31400ED440A /* Components */ = {
			isa = PBXGroup;
			children = (
				FF098ADF2F8FB31400ED440A /* Colors */,
				FF098AE52F8FB31400ED440A /* Fonts */,
				FF098AEB2F8FB31400ED440A /* NotificationsStack */,
				FF098AF52F8FB31400ED440A /* RoundButton */,
				FF098AF72F8FB31400ED440A /* GradientBackgroundView.swift */,
				FF098AF82F8FB31400ED440A /* ImageAssets.xcassets */,
				FF098AF92F8FB31400ED440A /* LDToggleStyle.swift */,
				FF098AFA2F8FB31400ED440A /* PermissionIndicator.swift */,
				FF098AFB2F8FB31400ED440A /* RoundedContainer.swift */,
			);
			path = Components;
			sourceTree = "<group>";
		};
		FF098B1B2F8FB32D00ED440A /* Application */ = {
			isa = PBXGroup;
			children = (
				FF55D4912FECF02D0054752B /* AppWorkflow.swift */,
				FF098B182F8FB32D00ED440A /* AppDelegate.swift */,
				FF098B192F8FB32D00ED440A /* CallFlowCoordinator.swift */,
				FF55D49A2FED81AB0054752B /* ConferenceFlowCoordinator.swift */,
				FF098B1A2F8FB32D00ED440A /* SceneDelegate.swift */,
			);
			path = Application;
			sourceTree = "<group>";
		};
		FF098B212F8FB32D00ED440A /* Calls */ = {
			isa = PBXGroup;
			children = (
				FF098B1C2F8FB32D00ED440A /* Call.swift */,
				FF098B1D2F8FB32D00ED440A /* CallManager.swift */,
				FF098B1E2F8FB32D00ED440A /* CallManagerObserver.swift */,
				FF098B202F8FB32D00ED440A /* StockCallManager.swift */,
			);
			path = Calls;
			sourceTree = "<group>";
		};
		FF098B2F2F8FB36B00ED440A /* Permissions */ = {
			isa = PBXGroup;
			children = (
				FF098B2A2F8FB36B00ED440A /* CaptureDevicePermissionsManager.swift */,
				FF098B2B2F8FB36B00ED440A /* CaptureDeviceType.swift */,
				FF098B2C2F8FB36B00ED440A /* PermissionState.swift */,
				FF098B2D2F8FB36B00ED440A /* PushPermissionsManager.swift */,
				FF098B2E2F8FB36B00ED440A /* StockCaptureDevicePermissionsManager.swift */,
			);
			path = Permissions;
			sourceTree = "<group>";
		};
		FF52173C2F2A044400725DC7 /* QRCode */ = {
			isa = PBXGroup;
			children = (
				FFA56F532F236D68000FFD29 /* QRGenerator.swift */,
				FFA56F552F236DFB000FFD29 /* StockQRGenerator.swift */,
			);
			path = QRCode;
			sourceTree = "<group>";
		};
		FF55D48E2FECE82F0054752B /* FlowSelection */ = {
			isa = PBXGroup;
			children = (
				FF55D48F2FECE83B0054752B /* FlowSelectionView.swift */,
			);
			path = FlowSelection;
			sourceTree = "<group>";
		};
		FF55D4952FED0BE20054752B /* ConferenceStartScreen */ = {
			isa = PBXGroup;
			children = (
				FF55D4982FED0C1B0054752B /* ConferenceStartScreenVM.swift */,
				FF55D4962FED0BF30054752B /* ConferenceStartScreenView.swift */,
			);
			path = ConferenceStartScreen;
			sourceTree = "<group>";
		};
		FF55D49C2FED85320054752B /* ConferenceSessionScreen */ = {
			isa = PBXGroup;
			children = (
				FF55D4A12FED85840054752B /* ConferenceSessionView.swift */,
				FF55D49F2FED856B0054752B /* ConferenceScreenCoordinator.swift */,
				FF55D49D2FED85420054752B /* ConferenceSessionVM.swift */,
			);
			path = ConferenceSessionScreen;
			sourceTree = "<group>";
		};
		FF781B052FDFF17500173D67 /* APNS */ = {
			isa = PBXGroup;
			children = (
				FF781B062FDFF18500173D67 /* AccountManager.swift */,
				FF8D37E62FDA70A40084F833 /* APNSEnvironment.swift */,
				FF098B1F2F8FB32D00ED440A /* CallPushAction.swift */,
				FF781B082FE0DCA800173D67 /* FakeAccountManager.swift */,
				FF781B0A2FE0E08500173D67 /* APNSTokenProvider.swift */,
			);
			path = APNS;
			sourceTree = "<group>";
		};
		FF8D37D32FDA61C60084F833 /* CRSAPI */ = {
			isa = PBXGroup;
			children = (
				FF8D37E92FDA74990084F833 /* Models */,
				FF8D37E42FDA6F9B0084F833 /* CRSAPIEnvironment.swift */,
				FF8D37E22FDA67AD0084F833 /* StockCRSAPIClient.swift */,
				FF8D37E02FDA67910084F833 /* CRSAPIClient.swift */,
			);
			path = CRSAPI;
			sourceTree = "<group>";
		};
		FF8D37D42FDA62020084F833 /* APIClient */ = {
			isa = PBXGroup;
			children = (
				FFFA32232D30EA150043C2E7 /* APIClientError.swift */,
				FF8D37D72FDA623A0084F833 /* StockAPIClient.swift */,
				FF8D37D52FDA620B0084F833 /* APIClient.swift */,
				FF8D37F62FDABAB10084F833 /* CurlRequestPrinter.swift */,
			);
			path = APIClient;
			sourceTree = "<group>";
		};
		FF8D37E92FDA74990084F833 /* Models */ = {
			isa = PBXGroup;
			children = (
				FF8D37EC2FDA74EA0084F833 /* TokenInvalidationReason.swift */,
				FF8D37EA2FDA749F0084F833 /* RegisteredDevice.swift */,
			);
			path = Models;
			sourceTree = "<group>";
		};
		FFF42C542F31D9BF00AE3966 /* CallSessionScreen */ = {
			isa = PBXGroup;
			children = (
				FF098B3D2F8FB3D000ED440A /* AudioCallView.swift */,
				FF098B3E2F8FB3D000ED440A /* AudioCallVM.swift */,
				FF098B3F2F8FB3D000ED440A /* CallScreenCoordinator.swift */,
				FF098B402F8FB3D000ED440A /* CallSessionStatus.swift */,
				FFF42C932F31E1A200AE3966 /* SessionView.swift */,
			);
			path = CallSessionScreen;
			sourceTree = "<group>";
		};
		FFF42C582F31DB3200AE3966 /* CallStartScreen */ = {
			isa = PBXGroup;
			children = (
				FF098B452F8FB3DF00ED440A /* CallStartScreenView.swift */,
				FF098B462F8FB3DF00ED440A /* CallStartScreenVM.swift */,
			);
			path = CallStartScreen;
			sourceTree = "<group>";
		};
		FFF42C592F31DB9000AE3966 /* Resources */ = {
			isa = PBXGroup;
			children = (
				607FACDC1AFB9204008FA782 /* Images.xcassets */,
				607FACDE1AFB9204008FA782 /* LaunchScreen.xib */,
				FF098B3B2F8FB3AB00ED440A /* Localizable.xcstrings */,
				FF098B382F8FB39700ED440A /* String+Localizable.swift */,
			);
			path = Resources;
			sourceTree = "<group>";
		};
		FFF42C5A2F31DBC600AE3966 /* Config */ = {
			isa = PBXGroup;
			children = (
				607FACD41AFB9204008FA782 /* Info.plist */,
				FFA56F572F237ADD000FFD29 /* LiveDigitalSDKExample.entitlements */,
			);
			path = Config;
			sourceTree = "<group>";
		};
		FFF42C9B2F32021300AE3966 /* Utils */ = {
			isa = PBXGroup;
			children = (
				FF55D4A42FEE21F30054752B /* CallDurationTimer.swift */,
				FF29302B2FE1144A003F799A /* AppConfig+StoredValue.swift */,
				FF2930292FE11407003F799A /* AppConfig.swift */,
				FF8D37F42FDAAE570084F833 /* DeviceEnvironmentProvider.swift */,
				FF8D37F22FDA9DE90084F833 /* Defaults+StoredValue.swift */,
				FF8D37F02FDA9DE20084F833 /* Defaults.swift */,
				FF8D37EE2FDA9A970084F833 /* DeviceEnvironment.swift */,
				FFF42C9C2F32021900AE3966 /* Weak.swift */,
			);
			path = Utils;
			sourceTree = "<group>";
		};
		FFFA321C2D30DFF50043C2E7 /* MoodhoodAPI */ = {
			isa = PBXGroup;
			children = (
				FFFA32252D30EAF70043C2E7 /* Models */,
				FFFA321F2D30E0200043C2E7 /* MoodhoodAPIEnvironment.swift */,
				FFFA321D2D30DFFF0043C2E7 /* MoodhoodAPIClient.swift */,
				FFFA321A2D30DD620043C2E7 /* StockMoodhoodAPIClient.swift */,
			);
			path = MoodhoodAPI;
			sourceTree = "<group>";
		};
		FFFA32252D30EAF70043C2E7 /* Models */ = {
			isa = PBXGroup;
			children = (
				FFFA322E2D3131EC0043C2E7 /* EmptyResult.swift */,
				FFFA322C2D3128220043C2E7 /* Room.swift */,
				FFFA322A2D3120160043C2E7 /* SignalingToken.swift */,
				FFFA32282D311A510043C2E7 /* MoodhoodParticipant.swift */,
				FFFA32262D30EB010043C2E7 /* MoodhoodUserToken.swift */,
			);
			path = Models;
			sourceTree = "<group>";
		};
/* End PBXGroup section */

/* Begin PBXNativeTarget section */
		607FACCF1AFB9204008FA782 /* LiveDigitalSDKExample */ = {
			isa = PBXNativeTarget;
			buildConfigurationList = 607FACEF1AFB9204008FA782 /* Build configuration list for PBXNativeTarget "LiveDigitalSDKExample" */;
			buildPhases = (
				607FACCC1AFB9204008FA782 /* Sources */,
				607FACCD1AFB9204008FA782 /* Frameworks */,
				607FACCE1AFB9204008FA782 /* Resources */,
			);
			buildRules = (
			);
			dependencies = (
			);
			name = LiveDigitalSDKExample;
			productName = LiveDigitalSDK;
			productReference = 607FACD01AFB9204008FA782 /* LiveDigitalSDKExample.app */;
			productType = "com.apple.product-type.application";
		};
/* End PBXNativeTarget section */

/* Begin PBXProject section */
		607FACC81AFB9204008FA782 /* Project object */ = {
			isa = PBXProject;
			attributes = {
				LastSwiftUpdateCheck = 0830;
				LastUpgradeCheck = 0830;
				ORGANIZATIONNAME = VLProjects;
				TargetAttributes = {
					607FACCF1AFB9204008FA782 = {
						CreatedOnToolsVersion = 6.3.1;
						LastSwiftMigration = 0900;
					};
				};
			};
			buildConfigurationList = 607FACCB1AFB9204008FA782 /* Build configuration list for PBXProject "SPM_Example" */;
			compatibilityVersion = "Xcode 12.0";
			developmentRegion = English;
			hasScannedForEncodings = 0;
			knownRegions = (
				English,
				en,
				Base,
			);
			mainGroup = 607FACC71AFB9204008FA782;
			packageReferences = (
				FF6267EA2EEA6F4F0081A62A /* XCRemoteSwiftPackageReference "livedigital-ios-sdk-binary" */,
			);
			productRefGroup = 607FACD11AFB9204008FA782 /* Products */;
			projectDirPath = "";
			projectRoot = "";
			targets = (
				607FACCF1AFB9204008FA782 /* LiveDigitalSDKExample */,
			);
		};
/* End PBXProject section */

/* Begin PBXResourcesBuildPhase section */
		607FACCE1AFB9204008FA782 /* Resources */ = {
			isa = PBXResourcesBuildPhase;
			buildActionMask = 2147483647;
			files = (
				FF098AFD2F8FB31400ED440A /* ColorAssets.xcassets in Resources */,
				FF098AFF2F8FB31400ED440A /* ImageAssets.xcassets in Resources */,
				FF098B002F8FB31400ED440A /* PTRootUI-Regular.ttf in Resources */,
				FF098B3C2F8FB3AB00ED440A /* Localizable.xcstrings in Resources */,
				FF098B012F8FB31400ED440A /* PTRootUI-Bold.ttf in Resources */,
				FF098B022F8FB31400ED440A /* PTRootUI-Light.ttf in Resources */,
				FF098B032F8FB31400ED440A /* PTRootUI-Medium.ttf in Resources */,
				607FACE01AFB9204008FA782 /* LaunchScreen.xib in Resources */,
				607FACDD1AFB9204008FA782 /* Images.xcassets in Resources */,
			);
			runOnlyForDeploymentPostprocessing = 0;
		};
/* End PBXResourcesBuildPhase section */

/* Begin PBXSourcesBuildPhase section */
		607FACCC1AFB9204008FA782 /* Sources */ = {
			isa = PBXSourcesBuildPhase;
			buildActionMask = 2147483647;
			files = (
				FFFA32292D311A560043C2E7 /* MoodhoodParticipant.swift in Sources */,
				FFA56F542F236D85000FFD29 /* QRGenerator.swift in Sources */,
				FFFA322F2D3131ED0043C2E7 /* EmptyResult.swift in Sources */,
				FFFA321E2D30E0010043C2E7 /* MoodhoodAPIClient.swift in Sources */,
				FFF42C9D2F32021B00AE3966 /* Weak.swift in Sources */,
				FFFA32242D30EA170043C2E7 /* APIClientError.swift in Sources */,
				FF8D37E32FDA67B20084F833 /* StockCRSAPIClient.swift in Sources */,
				FF781B072FDFF19100173D67 /* AccountManager.swift in Sources */,
				FF29302C2FE11450003F799A /* AppConfig+StoredValue.swift in Sources */,
				FF8D37E52FDA6FA00084F833 /* CRSAPIEnvironment.swift in Sources */,
				FF098B042F8FB31400ED440A /* RoundedContainer.swift in Sources */,
				FF098B052F8FB31400ED440A /* PermissionIndicator.swift in Sources */,
				FF098B472F8FB3DF00ED440A /* CallStartScreenView.swift in Sources */,
				FF098B482F8FB3DF00ED440A /* CallStartScreenVM.swift in Sources */,
				FF098B062F8FB31400ED440A /* RoundButtonStyle.swift in Sources */,
				FF8D37ED2FDA74F00084F833 /* TokenInvalidationReason.swift in Sources */,
				FF098B072F8FB31400ED440A /* NotificationsVM.swift in Sources */,
				FF098B412F8FB3D000ED440A /* CallSessionStatus.swift in Sources */,
				FF8D37F12FDA9DE50084F833 /* Defaults.swift in Sources */,
				FF098B422F8FB3D000ED440A /* AudioCallVM.swift in Sources */,
				FF098B432F8FB3D000ED440A /* AudioCallView.swift in Sources */,
				FF55D4A22FED858C0054752B /* ConferenceSessionView.swift in Sources */,
				FF55D4992FED0C2A0054752B /* ConferenceStartScreenVM.swift in Sources */,
				FF098B442F8FB3D000ED440A /* CallScreenCoordinator.swift in Sources */,
				FF098B082F8FB31400ED440A /* RoundButtonStyledContent.swift in Sources */,
				FF55D4922FECF0340054752B /* AppWorkflow.swift in Sources */,
				FF098B092F8FB31400ED440A /* TopFadeMask.swift in Sources */,
				FF098B0A2F8FB31400ED440A /* RoundButton.swift in Sources */,
				FF098B0B2F8FB31400ED440A /* RoundButtonStyleAccept.swift in Sources */,
				FF55D4A02FED85720054752B /* ConferenceScreenCoordinator.swift in Sources */,
				FF098B0C2F8FB31400ED440A /* RoundButtonStyleCustom.swift in Sources */,
				FF8D37D82FDA623F0084F833 /* StockAPIClient.swift in Sources */,
				FF29302A2FE11420003F799A /* AppConfig.swift in Sources */,
				FF8D37D62FDA620E0084F833 /* APIClient.swift in Sources */,
				FF098B0D2F8FB31400ED440A /* RoundButtonConfig.swift in Sources */,
				FF098B0E2F8FB31400ED440A /* RoundButtonStyleMediaSound.swift in Sources */,
				FF098B0F2F8FB31400ED440A /* AssetColor.swift in Sources */,
				FF55D4A52FEE21F70054752B /* CallDurationTimer.swift in Sources */,
				FF098B102F8FB31400ED440A /* NotificationContent.swift in Sources */,
				FF098B112F8FB31400ED440A /* LDToggleStyle.swift in Sources */,
				FF098B122F8FB31400ED440A /* NotificationView.swift in Sources */,
				FF098B132F8FB31400ED440A /* GradientBackgroundView.swift in Sources */,
				FF098B142F8FB31400ED440A /* RoundButtonStyleMediaCapture.swift in Sources */,
				FF781B0B2FE0E08C00173D67 /* APNSTokenProvider.swift in Sources */,
				FF098B222F8FB32D00ED440A /* StockCallManager.swift in Sources */,
				FF098B232F8FB32D00ED440A /* CallFlowCoordinator.swift in Sources */,
				FF098B242F8FB32D00ED440A /* Call.swift in Sources */,
				FF098B252F8FB32D00ED440A /* SceneDelegate.swift in Sources */,
				FF098B262F8FB32D00ED440A /* AppDelegate.swift in Sources */,
				FF098B3A2F8FB39700ED440A /* String+Localizable.swift in Sources */,
				FF098B272F8FB32D00ED440A /* CallManagerObserver.swift in Sources */,
				FF098B282F8FB32D00ED440A /* CallPushAction.swift in Sources */,
				FF098B292F8FB32D00ED440A /* CallManager.swift in Sources */,
				FF098B302F8FB36B00ED440A /* CaptureDevicePermissionsManager.swift in Sources */,
				FF8D37E72FDA70AA0084F833 /* APNSEnvironment.swift in Sources */,
				FF098B312F8FB36B00ED440A /* CaptureDeviceType.swift in Sources */,
				FF098B322F8FB36B00ED440A /* PushPermissionsManager.swift in Sources */,
				FF098B332F8FB36B00ED440A /* PermissionState.swift in Sources */,
				FF55D49E2FED85500054752B /* ConferenceSessionVM.swift in Sources */,
				FF098B342F8FB36B00ED440A /* StockCaptureDevicePermissionsManager.swift in Sources */,
				FF098B152F8FB31400ED440A /* RoundButtonStyleReject.swift in Sources */,
				FF098B162F8FB31400ED440A /* AssetFont.swift in Sources */,
				FF098B172F8FB31400ED440A /* NotificationsStack.swift in Sources */,
				FF55D4902FECE83F0054752B /* FlowSelectionView.swift in Sources */,
				FFFA321B2D30DD640043C2E7 /* StockMoodhoodAPIClient.swift in Sources */,
				FFFA32272D30EB020043C2E7 /* MoodhoodUserToken.swift in Sources */,
				FF781B092FE0DCB200173D67 /* FakeAccountManager.swift in Sources */,
				FFF42C942F31E1A400AE3966 /* SessionView.swift in Sources */,
				FF55D4972FED0BF80054752B /* ConferenceStartScreenView.swift in Sources */,
				FFFA322B2D3120170043C2E7 /* SignalingToken.swift in Sources */,
				FF8D37EF2FDA9A980084F833 /* DeviceEnvironment.swift in Sources */,
				FFFA32202D30E0210043C2E7 /* MoodhoodAPIEnvironment.swift in Sources */,
				FFFA322D2D3128240043C2E7 /* Room.swift in Sources */,
				FF8D37EB2FDA74A30084F833 /* RegisteredDevice.swift in Sources */,
				FF8D37E12FDA679A0084F833 /* CRSAPIClient.swift in Sources */,
				FF8D37F52FDAAE5A0084F833 /* DeviceEnvironmentProvider.swift in Sources */,
				FF55D49B2FED81AB0054752B /* ConferenceFlowCoordinator.swift in Sources */,
				FF8D37F32FDA9DF20084F833 /* Defaults+StoredValue.swift in Sources */,
				FF8D37F72FDABAB10084F833 /* CurlRequestPrinter.swift in Sources */,
				FFA56F562F236E04000FFD29 /* StockQRGenerator.swift in Sources */,
			);
			runOnlyForDeploymentPostprocessing = 0;
		};
/* End PBXSourcesBuildPhase section */

/* Begin PBXVariantGroup section */
		607FACDE1AFB9204008FA782 /* LaunchScreen.xib */ = {
			isa = PBXVariantGroup;
			children = (
				607FACDF1AFB9204008FA782 /* Base */,
			);
			name = LaunchScreen.xib;
			sourceTree = "<group>";
		};
/* End PBXVariantGroup section */

/* Begin XCBuildConfiguration section */
		607FACED1AFB9204008FA782 /* Debug */ = {
			isa = XCBuildConfiguration;
			buildSettings = {
				ALWAYS_SEARCH_USER_PATHS = NO;
				CLANG_CXX_LANGUAGE_STANDARD = "gnu++0x";
				CLANG_CXX_LIBRARY = "libc++";
				CLANG_ENABLE_MODULES = YES;
				CLANG_ENABLE_OBJC_ARC = YES;
				CLANG_WARN_BLOCK_CAPTURE_AUTORELEASING = YES;
				CLANG_WARN_BOOL_CONVERSION = YES;
				CLANG_WARN_COMMA = YES;
				CLANG_WARN_CONSTANT_CONVERSION = YES;
				CLANG_WARN_DIRECT_OBJC_ISA_USAGE = YES_ERROR;
				CLANG_WARN_EMPTY_BODY = YES;
				CLANG_WARN_ENUM_CONVERSION = YES;
				CLANG_WARN_INFINITE_RECURSION = YES;
				CLANG_WARN_INT_CONVERSION = YES;
				CLANG_WARN_NON_LITERAL_NULL_CONVERSION = YES;
				CLANG_WARN_OBJC_LITERAL_CONVERSION = YES;
				CLANG_WARN_OBJC_ROOT_CLASS = YES_ERROR;
				CLANG_WARN_RANGE_LOOP_ANALYSIS = YES;
				CLANG_WARN_STRICT_PROTOTYPES = YES;
				CLANG_WARN_SUSPICIOUS_MOVE = YES;
				CLANG_WARN_UNREACHABLE_CODE = YES;
				CLANG_WARN__DUPLICATE_METHOD_MATCH = YES;
				"CODE_SIGN_IDENTITY[sdk=iphoneos*]" = "iPhone Developer";
				COPY_PHASE_STRIP = NO;
				DEBUG_INFORMATION_FORMAT = "dwarf-with-dsym";
				ENABLE_STRICT_OBJC_MSGSEND = YES;
				ENABLE_TESTABILITY = YES;
				GCC_C_LANGUAGE_STANDARD = gnu99;
				GCC_DYNAMIC_NO_PIC = NO;
				GCC_NO_COMMON_BLOCKS = YES;
				GCC_OPTIMIZATION_LEVEL = 0;
				GCC_PREPROCESSOR_DEFINITIONS = (
					"DEBUG=1",
					"$(inherited)",
				);
				GCC_SYMBOLS_PRIVATE_EXTERN = NO;
				GCC_WARN_64_TO_32_BIT_CONVERSION = YES;
				GCC_WARN_ABOUT_RETURN_TYPE = YES_ERROR;
				GCC_WARN_UNDECLARED_SELECTOR = YES;
				GCC_WARN_UNINITIALIZED_AUTOS = YES_AGGRESSIVE;
				GCC_WARN_UNUSED_FUNCTION = YES;
				GCC_WARN_UNUSED_VARIABLE = YES;
				IPHONEOS_DEPLOYMENT_TARGET = 14.1;
				MTL_ENABLE_DEBUG_INFO = YES;
				ONLY_ACTIVE_ARCH = YES;
				SDKROOT = iphoneos;
				SWIFT_OPTIMIZATION_LEVEL = "-Onone";
				SWIFT_VERSION = 5.0;
			};
			name = Debug;
		};
		607FACEE1AFB9204008FA782 /* Release */ = {
			isa = XCBuildConfiguration;
			buildSettings = {
				ALWAYS_SEARCH_USER_PATHS = NO;
				CLANG_CXX_LANGUAGE_STANDARD = "gnu++0x";
				CLANG_CXX_LIBRARY = "libc++";
				CLANG_ENABLE_MODULES = YES;
				CLANG_ENABLE_OBJC_ARC = YES;
				CLANG_WARN_BLOCK_CAPTURE_AUTORELEASING = YES;
				CLANG_WARN_BOOL_CONVERSION = YES;
				CLANG_WARN_COMMA = YES;
				CLANG_WARN_CONSTANT_CONVERSION = YES;
				CLANG_WARN_DIRECT_OBJC_ISA_USAGE = YES_ERROR;
				CLANG_WARN_EMPTY_BODY = YES;
				CLANG_WARN_ENUM_CONVERSION = YES;
				CLANG_WARN_INFINITE_RECURSION = YES;
				CLANG_WARN_INT_CONVERSION = YES;
				CLANG_WARN_NON_LITERAL_NULL_CONVERSION = YES;
				CLANG_WARN_OBJC_LITERAL_CONVERSION = YES;
				CLANG_WARN_OBJC_ROOT_CLASS = YES_ERROR;
				CLANG_WARN_RANGE_LOOP_ANALYSIS = YES;
				CLANG_WARN_STRICT_PROTOTYPES = YES;
				CLANG_WARN_SUSPICIOUS_MOVE = YES;
				CLANG_WARN_UNREACHABLE_CODE = YES;
				CLANG_WARN__DUPLICATE_METHOD_MATCH = YES;
				"CODE_SIGN_IDENTITY[sdk=iphoneos*]" = "iPhone Developer";
				COPY_PHASE_STRIP = NO;
				DEBUG_INFORMATION_FORMAT = "dwarf-with-dsym";
				ENABLE_NS_ASSERTIONS = NO;
				ENABLE_STRICT_OBJC_MSGSEND = YES;
				GCC_C_LANGUAGE_STANDARD = gnu99;
				GCC_NO_COMMON_BLOCKS = YES;
				GCC_WARN_64_TO_32_BIT_CONVERSION = YES;
				GCC_WARN_ABOUT_RETURN_TYPE = YES_ERROR;
				GCC_WARN_UNDECLARED_SELECTOR = YES;
				GCC_WARN_UNINITIALIZED_AUTOS = YES_AGGRESSIVE;
				GCC_WARN_UNUSED_FUNCTION = YES;
				GCC_WARN_UNUSED_VARIABLE = YES;
				IPHONEOS_DEPLOYMENT_TARGET = 14.1;
				MTL_ENABLE_DEBUG_INFO = NO;
				SDKROOT = iphoneos;
				SWIFT_COMPILATION_MODE = wholemodule;
				SWIFT_OPTIMIZATION_LEVEL = "-O";
				SWIFT_VERSION = 5.0;
				VALIDATE_PRODUCT = YES;
			};
			name = Release;
		};
		607FACF01AFB9204008FA782 /* Debug */ = {
			isa = XCBuildConfiguration;
			buildSettings = {
				ASSETCATALOG_COMPILER_APPICON_NAME = AppIcon;
				CODE_SIGN_ENTITLEMENTS = LiveDigitalSDK/Config/LiveDigitalSDKExample.entitlements;
				DEVELOPMENT_TEAM = ZZ67H72W73;
				ENABLE_BITCODE = NO;
				INFOPLIST_FILE = LiveDigitalSDK/Config/Info.plist;
				IPHONEOS_DEPLOYMENT_TARGET = 15.0;
				LD_RUNPATH_SEARCH_PATHS = (
					"$(inherited)",
					"@executable_path/Frameworks",
				);
				MODULE_NAME = ExampleApp;
				PRODUCT_BUNDLE_IDENTIFIER = "pro.vlprojects.livedigital-sdk-example";
				PRODUCT_NAME = "$(TARGET_NAME)";
				STRING_CATALOG_GENERATE_SYMBOLS = YES;
				SWIFT_SWIFT3_OBJC_INFERENCE = Default;
			};
			name = Debug;
		};
		607FACF11AFB9204008FA782 /* Release */ = {
			isa = XCBuildConfiguration;
			buildSettings = {
				ASSETCATALOG_COMPILER_APPICON_NAME = AppIcon;
				CODE_SIGN_ENTITLEMENTS = LiveDigitalSDK/Config/LiveDigitalSDKExample.entitlements;
				DEVELOPMENT_TEAM = ZZ67H72W73;
				ENABLE_BITCODE = NO;
				INFOPLIST_FILE = LiveDigitalSDK/Config/Info.plist;
				IPHONEOS_DEPLOYMENT_TARGET = 15.0;
				LD_RUNPATH_SEARCH_PATHS = (
					"$(inherited)",
					"@executable_path/Frameworks",
				);
				MODULE_NAME = ExampleApp;
				PRODUCT_BUNDLE_IDENTIFIER = "pro.vlprojects.livedigital-sdk-example";
				PRODUCT_NAME = "$(TARGET_NAME)";
				STRING_CATALOG_GENERATE_SYMBOLS = YES;
				SWIFT_SWIFT3_OBJC_INFERENCE = Default;
			};
			name = Release;
		};
/* End XCBuildConfiguration section */

/* Begin XCConfigurationList section */
		607FACCB1AFB9204008FA782 /* Build configuration list for PBXProject "SPM_Example" */ = {
			isa = XCConfigurationList;
			buildConfigurations = (
				607FACED1AFB9204008FA782 /* Debug */,
				607FACEE1AFB9204008FA782 /* Release */,
			);
			defaultConfigurationIsVisible = 0;
			defaultConfigurationName = Release;
		};
		607FACEF1AFB9204008FA782 /* Build configuration list for PBXNativeTarget "LiveDigitalSDKExample" */ = {
			isa = XCConfigurationList;
			buildConfigurations = (
				607FACF01AFB9204008FA782 /* Debug */,
				607FACF11AFB9204008FA782 /* Release */,
			);
			defaultConfigurationIsVisible = 0;
			defaultConfigurationName = Release;
		};
/* End XCConfigurationList section */

/* Begin XCRemoteSwiftPackageReference section */
		FF6267EA2EEA6F4F0081A62A /* XCRemoteSwiftPackageReference "livedigital-ios-sdk-binary" */ = {
			isa = XCRemoteSwiftPackageReference;
			repositoryURL = "https://github.com/VLprojects/livedigital-ios-sdk-binary.git";
			requirement = {
				kind = upToNextMajorVersion;
				minimumVersion = 3.4.0;
			};
		};
		FF98FFAE2EC1C85A003F1D90 /* XCRemoteSwiftPackageReference "livedigital-ios-sdk-binary" */ = {
			isa = XCRemoteSwiftPackageReference;
			repositoryURL = "https://github.com/VLprojects/livedigital-ios-sdk-binary.git";
			requirement = {
				kind = upToNextMajorVersion;
				minimumVersion = 2.12.3;
			};
		};
		FFB0FB282E459A6B00F787EC /* XCRemoteSwiftPackageReference "livedigital-ios-sdk-binary" */ = {
			isa = XCRemoteSwiftPackageReference;
			repositoryURL = "https://github.com/VLprojects/livedigital-ios-sdk-binary.git";
			requirement = {
				kind = exactVersion;
				version = 2.12.2;
			};
		};
/* End XCRemoteSwiftPackageReference section */

/* Begin XCSwiftPackageProductDependency section */
		FF6267EB2EEA6F4F0081A62A /* LiveDigitalSDK */ = {
			isa = XCSwiftPackageProductDependency;
			package = FF6267EA2EEA6F4F0081A62A /* XCRemoteSwiftPackageReference "livedigital-ios-sdk-binary" */;
			productName = LiveDigitalSDK;
		};
		FF98FFAF2EC1C85A003F1D90 /* LiveDigitalSDK */ = {
			isa = XCSwiftPackageProductDependency;
			package = FF98FFAE2EC1C85A003F1D90 /* XCRemoteSwiftPackageReference "livedigital-ios-sdk-binary" */;
			productName = LiveDigitalSDK;
		};
		FFB0FB292E459A6B00F787EC /* LiveDigitalSDK */ = {
			isa = XCSwiftPackageProductDependency;
			package = FFB0FB282E459A6B00F787EC /* XCRemoteSwiftPackageReference "livedigital-ios-sdk-binary" */;
			productName = LiveDigitalSDK;
		};
/* End XCSwiftPackageProductDependency section */
	};
	rootObject = 607FACC81AFB9204008FA782 /* Project object */;
}
