{
  "originHash" : "c063b1d272f166fcd5ceb792914579ed9eb5aae3ef6ea9ae14f6c0878162ec6f",
  "pins" : [
    {
      "identity" : "livedigital-ios-sdk-binary",
      "kind" : "remoteSourceControl",
      "location" : "https://github.com/VLprojects/livedigital-ios-sdk-binary.git",
      "state" : {
        "revision" : "5640d93f92fa20ac8df97a56d29ab97e9ad6d8ec",
        "version" : "3.2.0"
      }
    },
    {
      "identity" : "mediasoup-client-swift",
      "kind" : "remoteSourceControl",
      "location" : "https://github.com/VLprojects/mediasoup-client-swift.git",
      "state" : {
        "revision" : "7f60eac7126f350e7a9442e609b69c3450390aec",
        "version" : "0.11.0"
      }
    }
  ],
  "version" : 3
}
