{
  "originHash" : "c063b1d272f166fcd5ceb792914579ed9eb5aae3ef6ea9ae14f6c0878162ec6f",
  "pins" : [
    {
      "identity" : "livedigital-ios-sdk-binary",
      "kind" : "remoteSourceControl",
      "location" : "https://github.com/VLprojects/livedigital-ios-sdk-binary.git",
      "state" : {
        "revision" : "8e06d7990f5927311b3407dd6f0a46fe13a8bc4f",
        "version" : "3.6.0"
      }
    },
    {
      "identity" : "mediasoup-client-swift",
      "kind" : "remoteSourceControl",
      "location" : "https://github.com/VLprojects/mediasoup-client-swift.git",
      "state" : {
        "revision" : "ecbda047001577c2d2abd0e6e7b718e2b4d175fc",
        "version" : "0.13.0"
      }
    }
  ],
  "version" : 3
}
